{
  "object": {
    "pins": [
      {
        "package": "LoggerKit",
        "repositoryURL": "https://github.com/pvieito/LoggerKit.git",
        "state": {
          "branch": "master",
          "revision": "2d1cecdc0c8c01a0714031c7e0740318f5b1a60e",
          "version": null
        }
      },
      {
        "package": "PythonKit",
        "repositoryURL": "https://github.com/pvieito/PythonKit.git",
        "state": {
          "branch": "master",
          "revision": "05f75d162601eb39d879812d5ab0cc7e7d8954cf",
          "version": null
        }
      },
      {
        "package": "swift-argument-parser",
        "repositoryURL": "https://github.com/apple/swift-argument-parser",
        "state": {
          "branch": null,
          "revision": "35b76bf577d3cc74820f8991894ce3bcdf024ddc",
          "version": "0.0.2"
        }
      }
    ]
  },
  "version": 1
}
