{
  "object": {
    "pins": [
      {
        "package": "LoggerKit",
        "repositoryURL": "https://github.com/pvieito/LoggerKit.git",
        "state": {
          "branch": "master",
          "revision": "7d0f663974b42b93193e78ae2405e1bb810dc3dc",
          "version": null
        }
      },
      {
        "package": "PythonKit",
        "repositoryURL": "https://github.com/pvieito/PythonKit.git",
        "state": {
          "branch": "master",
          "revision": "6e99a12f902b85ce7f80c505f32e45c41d2d78aa",
          "version": null
        }
      },
      {
        "package": "Rainbow",
        "repositoryURL": "https://github.com/onevcat/Rainbow",
        "state": {
          "branch": null,
          "revision": "9c52c1952e9b2305d4507cf473392ac2d7c9b155",
          "version": "3.1.5"
        }
      },
      {
        "package": "swift-argument-parser",
        "repositoryURL": "https://github.com/apple/swift-argument-parser",
        "state": {
          "branch": null,
          "revision": "8d31a0905c346a45c87773ad50862b5b3df8dff6",
          "version": "0.0.4"
        }
      }
    ]
  },
  "version": 1
}
