// !$*UTF8*$!
{
   archiveVersion = "1";
   objectVersion = "46";
   objects = {
      "OBJ_1" = {
         isa = "PBXProject";
         attributes = {
            LastSwiftMigration = "9999";
            LastUpgradeCheck = "9999";
         };
         buildConfigurationList = "OBJ_2";
         compatibilityVersion = "Xcode 3.2";
         developmentRegion = "en";
         hasScannedForEncodings = "0";
         knownRegions = (
            "en"
         );
         mainGroup = "OBJ_5";
         productRefGroup = "OBJ_87";
         projectDirPath = ".";
         targets = (
            "PythonKit::PythonKit",
            "PythonKit::SwiftPMPackageDescription",
            "SwifyPy::SwifyPy",
            "SwifyPy::SwiftPMPackageDescription",
            "SwifyPy::SwifyPyPackageTests::ProductTarget",
            "SwifyPy::SwifyPyRun",
            "SwifyPy::SwifyPyTests"
         );
      };
      "OBJ_10" = {
         isa = "PBXGroup";
         children = (
            "OBJ_11",
            "OBJ_12",
            "OBJ_14"
         );
         name = "Differential Equations";
         path = "Differential Equations";
         sourceTree = "<group>";
      };
      "OBJ_100" = {
         isa = "PBXFileReference";
         path = "trapezoidial.png";
         sourceTree = "<group>";
      };
      "OBJ_101" = {
         isa = "PBXFileReference";
         path = "points.png";
         sourceTree = "<group>";
      };
      "OBJ_102" = {
         isa = "PBXFileReference";
         path = "chebysev*_error.png";
         sourceTree = "<group>";
      };
      "OBJ_103" = {
         isa = "PBXFileReference";
         path = "eigenvalues.png";
         sourceTree = "<group>";
      };
      "OBJ_104" = {
         isa = "PBXFileReference";
         path = "simpson.png";
         sourceTree = "<group>";
      };
      "OBJ_105" = {
         isa = "PBXFileReference";
         path = "benchmark.png";
         sourceTree = "<group>";
      };
      "OBJ_106" = {
         isa = "PBXFileReference";
         path = "chebysev_error.png";
         sourceTree = "<group>";
      };
      "OBJ_107" = {
         isa = "PBXFileReference";
         path = "rombergtaylor.png";
         sourceTree = "<group>";
      };
      "OBJ_109" = {
         isa = "XCConfigurationList";
         buildConfigurations = (
            "OBJ_110",
            "OBJ_111"
         );
         defaultConfigurationIsVisible = "0";
         defaultConfigurationName = "Release";
      };
      "OBJ_11" = {
         isa = "PBXFileReference";
         path = "Euler.swift";
         sourceTree = "<group>";
      };
      "OBJ_110" = {
         isa = "XCBuildConfiguration";
         buildSettings = {
            ENABLE_TESTABILITY = "YES";
            FRAMEWORK_SEARCH_PATHS = (
               "$(inherited)",
               "$(PLATFORM_DIR)/Developer/Library/Frameworks"
            );
            HEADER_SEARCH_PATHS = (
               "$(inherited)"
            );
            INFOPLIST_FILE = "SwifyPy.xcodeproj/PythonKit_Info.plist";
            IPHONEOS_DEPLOYMENT_TARGET = "8.0";
            LD_RUNPATH_SEARCH_PATHS = (
               "$(inherited)",
               "$(TOOLCHAIN_DIR)/usr/lib/swift/macosx"
            );
            MACOSX_DEPLOYMENT_TARGET = "10.10";
            OTHER_CFLAGS = (
               "$(inherited)"
            );
            OTHER_LDFLAGS = (
               "$(inherited)"
            );
            OTHER_SWIFT_FLAGS = (
               "$(inherited)"
            );
            PRODUCT_BUNDLE_IDENTIFIER = "PythonKit";
            PRODUCT_MODULE_NAME = "$(TARGET_NAME:c99extidentifier)";
            PRODUCT_NAME = "$(TARGET_NAME:c99extidentifier)";
            SKIP_INSTALL = "YES";
            SWIFT_ACTIVE_COMPILATION_CONDITIONS = (
               "$(inherited)"
            );
            SWIFT_VERSION = "5.0";
            TARGET_NAME = "PythonKit";
            TVOS_DEPLOYMENT_TARGET = "9.0";
            WATCHOS_DEPLOYMENT_TARGET = "2.0";
         };
         name = "Debug";
      };
      "OBJ_111" = {
         isa = "XCBuildConfiguration";
         buildSettings = {
            ENABLE_TESTABILITY = "YES";
            FRAMEWORK_SEARCH_PATHS = (
               "$(inherited)",
               "$(PLATFORM_DIR)/Developer/Library/Frameworks"
            );
            HEADER_SEARCH_PATHS = (
               "$(inherited)"
            );
            INFOPLIST_FILE = "SwifyPy.xcodeproj/PythonKit_Info.plist";
            IPHONEOS_DEPLOYMENT_TARGET = "8.0";
            LD_RUNPATH_SEARCH_PATHS = (
               "$(inherited)",
               "$(TOOLCHAIN_DIR)/usr/lib/swift/macosx"
            );
            MACOSX_DEPLOYMENT_TARGET = "10.10";
            OTHER_CFLAGS = (
               "$(inherited)"
            );
            OTHER_LDFLAGS = (
               "$(inherited)"
            );
            OTHER_SWIFT_FLAGS = (
               "$(inherited)"
            );
            PRODUCT_BUNDLE_IDENTIFIER = "PythonKit";
            PRODUCT_MODULE_NAME = "$(TARGET_NAME:c99extidentifier)";
            PRODUCT_NAME = "$(TARGET_NAME:c99extidentifier)";
            SKIP_INSTALL = "YES";
            SWIFT_ACTIVE_COMPILATION_CONDITIONS = (
               "$(inherited)"
            );
            SWIFT_VERSION = "5.0";
            TARGET_NAME = "PythonKit";
            TVOS_DEPLOYMENT_TARGET = "9.0";
            WATCHOS_DEPLOYMENT_TARGET = "2.0";
         };
         name = "Release";
      };
      "OBJ_112" = {
         isa = "PBXSourcesBuildPhase";
         files = (
            "OBJ_113",
            "OBJ_114",
            "OBJ_115",
            "OBJ_116"
         );
      };
      "OBJ_113" = {
         isa = "PBXBuildFile";
         fileRef = "OBJ_81";
      };
      "OBJ_114" = {
         isa = "PBXBuildFile";
         fileRef = "OBJ_82";
      };
      "OBJ_115" = {
         isa = "PBXBuildFile";
         fileRef = "OBJ_83";
      };
      "OBJ_116" = {
         isa = "PBXBuildFile";
         fileRef = "OBJ_84";
      };
      "OBJ_117" = {
         isa = "PBXFrameworksBuildPhase";
         files = (
         );
      };
      "OBJ_119" = {
         isa = "XCConfigurationList";
         buildConfigurations = (
            "OBJ_120",
            "OBJ_121"
         );
         defaultConfigurationIsVisible = "0";
         defaultConfigurationName = "Release";
      };
      "OBJ_12" = {
         isa = "PBXGroup";
         children = (
            "OBJ_13"
         );
         name = "Pendulum";
         path = "Pendulum";
         sourceTree = "<group>";
      };
      "OBJ_120" = {
         isa = "XCBuildConfiguration";
         buildSettings = {
            LD = "/usr/bin/true";
            OTHER_SWIFT_FLAGS = (
               "-swift-version",
               "5",
               "-I",
               "$(TOOLCHAIN_DIR)/usr/lib/swift/pm/4_2",
               "-target",
               "x86_64-apple-macosx10.10",
               "-sdk",
               "/Applications/Xcode.app/Contents/Developer/Platforms/MacOSX.platform/Developer/SDKs/MacOSX10.15.sdk",
               "-package-description-version",
               "5.1.0"
            );
            SWIFT_VERSION = "5.0";
         };
         name = "Debug";
      };
      "OBJ_121" = {
         isa = "XCBuildConfiguration";
         buildSettings = {
            LD = "/usr/bin/true";
            OTHER_SWIFT_FLAGS = (
               "-swift-version",
               "5",
               "-I",
               "$(TOOLCHAIN_DIR)/usr/lib/swift/pm/4_2",
               "-target",
               "x86_64-apple-macosx10.10",
               "-sdk",
               "/Applications/Xcode.app/Contents/Developer/Platforms/MacOSX.platform/Developer/SDKs/MacOSX10.15.sdk",
               "-package-description-version",
               "5.1.0"
            );
            SWIFT_VERSION = "5.0";
         };
         name = "Release";
      };
      "OBJ_122" = {
         isa = "PBXSourcesBuildPhase";
         files = (
            "OBJ_123"
         );
      };
      "OBJ_123" = {
         isa = "PBXBuildFile";
         fileRef = "OBJ_86";
      };
      "OBJ_125" = {
         isa = "XCConfigurationList";
         buildConfigurations = (
            "OBJ_126",
            "OBJ_127"
         );
         defaultConfigurationIsVisible = "0";
         defaultConfigurationName = "Release";
      };
      "OBJ_126" = {
         isa = "XCBuildConfiguration";
         buildSettings = {
            ENABLE_TESTABILITY = "YES";
            FRAMEWORK_SEARCH_PATHS = (
               "$(inherited)",
               "$(PLATFORM_DIR)/Developer/Library/Frameworks"
            );
            HEADER_SEARCH_PATHS = (
               "$(inherited)"
            );
            INFOPLIST_FILE = "SwifyPy.xcodeproj/SwifyPy_Info.plist";
            IPHONEOS_DEPLOYMENT_TARGET = "8.0";
            LD_RUNPATH_SEARCH_PATHS = (
               "$(inherited)",
               "$(TOOLCHAIN_DIR)/usr/lib/swift/macosx"
            );
            MACOSX_DEPLOYMENT_TARGET = "10.10";
            OTHER_CFLAGS = (
               "$(inherited)"
            );
            OTHER_LDFLAGS = (
               "$(inherited)"
            );
            OTHER_SWIFT_FLAGS = (
               "$(inherited)"
            );
            PRODUCT_BUNDLE_IDENTIFIER = "SwifyPy";
            PRODUCT_MODULE_NAME = "$(TARGET_NAME:c99extidentifier)";
            PRODUCT_NAME = "$(TARGET_NAME:c99extidentifier)";
            SKIP_INSTALL = "YES";
            SWIFT_ACTIVE_COMPILATION_CONDITIONS = (
               "$(inherited)"
            );
            SWIFT_VERSION = "5.0";
            TARGET_NAME = "SwifyPy";
            TVOS_DEPLOYMENT_TARGET = "9.0";
            WATCHOS_DEPLOYMENT_TARGET = "2.0";
         };
         name = "Debug";
      };
      "OBJ_127" = {
         isa = "XCBuildConfiguration";
         buildSettings = {
            ENABLE_TESTABILITY = "YES";
            FRAMEWORK_SEARCH_PATHS = (
               "$(inherited)",
               "$(PLATFORM_DIR)/Developer/Library/Frameworks"
            );
            HEADER_SEARCH_PATHS = (
               "$(inherited)"
            );
            INFOPLIST_FILE = "SwifyPy.xcodeproj/SwifyPy_Info.plist";
            IPHONEOS_DEPLOYMENT_TARGET = "8.0";
            LD_RUNPATH_SEARCH_PATHS = (
               "$(inherited)",
               "$(TOOLCHAIN_DIR)/usr/lib/swift/macosx"
            );
            MACOSX_DEPLOYMENT_TARGET = "10.10";
            OTHER_CFLAGS = (
               "$(inherited)"
            );
            OTHER_LDFLAGS = (
               "$(inherited)"
            );
            OTHER_SWIFT_FLAGS = (
               "$(inherited)"
            );
            PRODUCT_BUNDLE_IDENTIFIER = "SwifyPy";
            PRODUCT_MODULE_NAME = "$(TARGET_NAME:c99extidentifier)";
            PRODUCT_NAME = "$(TARGET_NAME:c99extidentifier)";
            SKIP_INSTALL = "YES";
            SWIFT_ACTIVE_COMPILATION_CONDITIONS = (
               "$(inherited)"
            );
            SWIFT_VERSION = "5.0";
            TARGET_NAME = "SwifyPy";
            TVOS_DEPLOYMENT_TARGET = "9.0";
            WATCHOS_DEPLOYMENT_TARGET = "2.0";
         };
         name = "Release";
      };
      "OBJ_128" = {
         isa = "PBXSourcesBuildPhase";
         files = (
            "OBJ_129",
            "OBJ_130",
            "OBJ_131",
            "OBJ_132",
            "OBJ_133",
            "OBJ_134",
            "OBJ_135",
            "OBJ_136",
            "OBJ_137",
            "OBJ_138",
            "OBJ_139",
            "OBJ_140",
            "OBJ_141",
            "OBJ_142",
            "OBJ_143",
            "OBJ_144",
            "OBJ_145",
            "OBJ_146",
            "OBJ_147",
            "OBJ_148",
            "OBJ_149",
            "OBJ_150",
            "OBJ_151",
            "OBJ_152",
            "OBJ_153",
            "OBJ_154",
            "OBJ_155",
            "OBJ_156",
            "OBJ_157",
            "OBJ_158",
            "OBJ_159",
            "OBJ_160",
            "OBJ_161",
            "OBJ_162",
            "OBJ_163",
            "OBJ_164",
            "OBJ_165",
            "OBJ_166"
         );
      };
      "OBJ_129" = {
         isa = "PBXBuildFile";
         fileRef = "OBJ_11";
      };
      "OBJ_13" = {
         isa = "PBXFileReference";
         path = "Pendulum.swift";
         sourceTree = "<group>";
      };
      "OBJ_130" = {
         isa = "PBXBuildFile";
         fileRef = "OBJ_13";
      };
      "OBJ_131" = {
         isa = "PBXBuildFile";
         fileRef = "OBJ_14";
      };
      "OBJ_132" = {
         isa = "PBXBuildFile";
         fileRef = "OBJ_16";
      };
      "OBJ_133" = {
         isa = "PBXBuildFile";
         fileRef = "OBJ_17";
      };
      "OBJ_134" = {
         isa = "PBXBuildFile";
         fileRef = "OBJ_18";
      };
      "OBJ_135" = {
         isa = "PBXBuildFile";
         fileRef = "OBJ_19";
      };
      "OBJ_136" = {
         isa = "PBXBuildFile";
         fileRef = "OBJ_20";
      };
      "OBJ_137" = {
         isa = "PBXBuildFile";
         fileRef = "OBJ_22";
      };
      "OBJ_138" = {
         isa = "PBXBuildFile";
         fileRef = "OBJ_23";
      };
      "OBJ_139" = {
         isa = "PBXBuildFile";
         fileRef = "OBJ_25";
      };
      "OBJ_14" = {
         isa = "PBXFileReference";
         path = "RungeKutta.swift";
         sourceTree = "<group>";
      };
      "OBJ_140" = {
         isa = "PBXBuildFile";
         fileRef = "OBJ_26";
      };
      "OBJ_141" = {
         isa = "PBXBuildFile";
         fileRef = "OBJ_29";
      };
      "OBJ_142" = {
         isa = "PBXBuildFile";
         fileRef = "OBJ_30";
      };
      "OBJ_143" = {
         isa = "PBXBuildFile";
         fileRef = "OBJ_31";
      };
      "OBJ_144" = {
         isa = "PBXBuildFile";
         fileRef = "OBJ_32";
      };
      "OBJ_145" = {
         isa = "PBXBuildFile";
         fileRef = "OBJ_33";
      };
      "OBJ_146" = {
         isa = "PBXBuildFile";
         fileRef = "OBJ_34";
      };
      "OBJ_147" = {
         isa = "PBXBuildFile";
         fileRef = "OBJ_35";
      };
      "OBJ_148" = {
         isa = "PBXBuildFile";
         fileRef = "OBJ_37";
      };
      "OBJ_149" = {
         isa = "PBXBuildFile";
         fileRef = "OBJ_38";
      };
      "OBJ_15" = {
         isa = "PBXGroup";
         children = (
            "OBJ_16",
            "OBJ_17",
            "OBJ_18",
            "OBJ_19",
            "OBJ_20"
         );
         name = "Integrate";
         path = "Integrate";
         sourceTree = "<group>";
      };
      "OBJ_150" = {
         isa = "PBXBuildFile";
         fileRef = "OBJ_39";
      };
      "OBJ_151" = {
         isa = "PBXBuildFile";
         fileRef = "OBJ_40";
      };
      "OBJ_152" = {
         isa = "PBXBuildFile";
         fileRef = "OBJ_41";
      };
      "OBJ_153" = {
         isa = "PBXBuildFile";
         fileRef = "OBJ_42";
      };
      "OBJ_154" = {
         isa = "PBXBuildFile";
         fileRef = "OBJ_43";
      };
      "OBJ_155" = {
         isa = "PBXBuildFile";
         fileRef = "OBJ_44";
      };
      "OBJ_156" = {
         isa = "PBXBuildFile";
         fileRef = "OBJ_45";
      };
      "OBJ_157" = {
         isa = "PBXBuildFile";
         fileRef = "OBJ_46";
      };
      "OBJ_158" = {
         isa = "PBXBuildFile";
         fileRef = "OBJ_47";
      };
      "OBJ_159" = {
         isa = "PBXBuildFile";
         fileRef = "OBJ_49";
      };
      "OBJ_16" = {
         isa = "PBXFileReference";
         path = "gravity.swift";
         sourceTree = "<group>";
      };
      "OBJ_160" = {
         isa = "PBXBuildFile";
         fileRef = "OBJ_50";
      };
      "OBJ_161" = {
         isa = "PBXBuildFile";
         fileRef = "OBJ_51";
      };
      "OBJ_162" = {
         isa = "PBXBuildFile";
         fileRef = "OBJ_52";
      };
      "OBJ_163" = {
         isa = "PBXBuildFile";
         fileRef = "OBJ_54";
      };
      "OBJ_164" = {
         isa = "PBXBuildFile";
         fileRef = "OBJ_55";
      };
      "OBJ_165" = {
         isa = "PBXBuildFile";
         fileRef = "OBJ_57";
      };
      "OBJ_166" = {
         isa = "PBXBuildFile";
         fileRef = "OBJ_59";
      };
      "OBJ_167" = {
         isa = "PBXFrameworksBuildPhase";
         files = (
            "OBJ_168"
         );
      };
      "OBJ_168" = {
         isa = "PBXBuildFile";
         fileRef = "PythonKit::PythonKit::Product";
      };
      "OBJ_169" = {
         isa = "PBXTargetDependency";
         target = "PythonKit::PythonKit";
      };
      "OBJ_17" = {
         isa = "PBXFileReference";
         path = "romberg.swift";
         sourceTree = "<group>";
      };
      "OBJ_171" = {
         isa = "XCConfigurationList";
         buildConfigurations = (
            "OBJ_172",
            "OBJ_173"
         );
         defaultConfigurationIsVisible = "0";
         defaultConfigurationName = "Release";
      };
      "OBJ_172" = {
         isa = "XCBuildConfiguration";
         buildSettings = {
            LD = "/usr/bin/true";
            OTHER_SWIFT_FLAGS = (
               "-swift-version",
               "5",
               "-I",
               "$(TOOLCHAIN_DIR)/usr/lib/swift/pm/4_2",
               "-target",
               "x86_64-apple-macosx10.10",
               "-sdk",
               "/Applications/Xcode.app/Contents/Developer/Platforms/MacOSX.platform/Developer/SDKs/MacOSX10.15.sdk",
               "-package-description-version",
               "5.1.0"
            );
            SWIFT_VERSION = "5.0";
         };
         name = "Debug";
      };
      "OBJ_173" = {
         isa = "XCBuildConfiguration";
         buildSettings = {
            LD = "/usr/bin/true";
            OTHER_SWIFT_FLAGS = (
               "-swift-version",
               "5",
               "-I",
               "$(TOOLCHAIN_DIR)/usr/lib/swift/pm/4_2",
               "-target",
               "x86_64-apple-macosx10.10",
               "-sdk",
               "/Applications/Xcode.app/Contents/Developer/Platforms/MacOSX.platform/Developer/SDKs/MacOSX10.15.sdk",
               "-package-description-version",
               "5.1.0"
            );
            SWIFT_VERSION = "5.0";
         };
         name = "Release";
      };
      "OBJ_174" = {
         isa = "PBXSourcesBuildPhase";
         files = (
            "OBJ_175"
         );
      };
      "OBJ_175" = {
         isa = "PBXBuildFile";
         fileRef = "OBJ_6";
      };
      "OBJ_177" = {
         isa = "XCConfigurationList";
         buildConfigurations = (
            "OBJ_178",
            "OBJ_179"
         );
         defaultConfigurationIsVisible = "0";
         defaultConfigurationName = "Release";
      };
      "OBJ_178" = {
         isa = "XCBuildConfiguration";
         buildSettings = {
         };
         name = "Debug";
      };
      "OBJ_179" = {
         isa = "XCBuildConfiguration";
         buildSettings = {
         };
         name = "Release";
      };
      "OBJ_18" = {
         isa = "PBXFileReference";
         path = "simpson.swift";
         sourceTree = "<group>";
      };
      "OBJ_180" = {
         isa = "PBXTargetDependency";
         target = "SwifyPy::SwifyPyTests";
      };
      "OBJ_183" = {
         isa = "XCConfigurationList";
         buildConfigurations = (
            "OBJ_184",
            "OBJ_185"
         );
         defaultConfigurationIsVisible = "0";
         defaultConfigurationName = "Release";
      };
      "OBJ_184" = {
         isa = "XCBuildConfiguration";
         buildSettings = {
            FRAMEWORK_SEARCH_PATHS = (
               "$(inherited)",
               "$(PLATFORM_DIR)/Developer/Library/Frameworks"
            );
            HEADER_SEARCH_PATHS = (
               "$(inherited)"
            );
            INFOPLIST_FILE = "SwifyPy.xcodeproj/SwifyPyRun_Info.plist";
            IPHONEOS_DEPLOYMENT_TARGET = "8.0";
            LD_RUNPATH_SEARCH_PATHS = (
               "$(inherited)",
               "$(TOOLCHAIN_DIR)/usr/lib/swift/macosx",
               "@executable_path"
            );
            MACOSX_DEPLOYMENT_TARGET = "10.10";
            OTHER_CFLAGS = (
               "$(inherited)"
            );
            OTHER_LDFLAGS = (
               "$(inherited)"
            );
            OTHER_SWIFT_FLAGS = (
               "$(inherited)"
            );
            SWIFT_ACTIVE_COMPILATION_CONDITIONS = (
               "$(inherited)"
            );
            SWIFT_FORCE_DYNAMIC_LINK_STDLIB = "YES";
            SWIFT_FORCE_STATIC_LINK_STDLIB = "NO";
            SWIFT_VERSION = "5.0";
            TARGET_NAME = "SwifyPyRun";
            TVOS_DEPLOYMENT_TARGET = "9.0";
            WATCHOS_DEPLOYMENT_TARGET = "2.0";
         };
         name = "Debug";
      };
      "OBJ_185" = {
         isa = "XCBuildConfiguration";
         buildSettings = {
            FRAMEWORK_SEARCH_PATHS = (
               "$(inherited)",
               "$(PLATFORM_DIR)/Developer/Library/Frameworks"
            );
            HEADER_SEARCH_PATHS = (
               "$(inherited)"
            );
            INFOPLIST_FILE = "SwifyPy.xcodeproj/SwifyPyRun_Info.plist";
            IPHONEOS_DEPLOYMENT_TARGET = "8.0";
            LD_RUNPATH_SEARCH_PATHS = (
               "$(inherited)",
               "$(TOOLCHAIN_DIR)/usr/lib/swift/macosx",
               "@executable_path"
            );
            MACOSX_DEPLOYMENT_TARGET = "10.10";
            OTHER_CFLAGS = (
               "$(inherited)"
            );
            OTHER_LDFLAGS = (
               "$(inherited)"
            );
            OTHER_SWIFT_FLAGS = (
               "$(inherited)"
            );
            SWIFT_ACTIVE_COMPILATION_CONDITIONS = (
               "$(inherited)"
            );
            SWIFT_FORCE_DYNAMIC_LINK_STDLIB = "YES";
            SWIFT_FORCE_STATIC_LINK_STDLIB = "NO";
            SWIFT_VERSION = "5.0";
            TARGET_NAME = "SwifyPyRun";
            TVOS_DEPLOYMENT_TARGET = "9.0";
            WATCHOS_DEPLOYMENT_TARGET = "2.0";
         };
         name = "Release";
      };
      "OBJ_186" = {
         isa = "PBXSourcesBuildPhase";
         files = (
            "OBJ_187"
         );
      };
      "OBJ_187" = {
         isa = "PBXBuildFile";
         fileRef = "OBJ_61";
      };
      "OBJ_188" = {
         isa = "PBXFrameworksBuildPhase";
         files = (
            "OBJ_189",
            "OBJ_190"
         );
      };
      "OBJ_189" = {
         isa = "PBXBuildFile";
         fileRef = "SwifyPy::SwifyPy::Product";
      };
      "OBJ_19" = {
         isa = "PBXFileReference";
         path = "sineIntegral.swift";
         sourceTree = "<group>";
      };
      "OBJ_190" = {
         isa = "PBXBuildFile";
         fileRef = "PythonKit::PythonKit::Product";
      };
      "OBJ_191" = {
         isa = "PBXTargetDependency";
         target = "SwifyPy::SwifyPy";
      };
      "OBJ_192" = {
         isa = "PBXTargetDependency";
         target = "PythonKit::PythonKit";
      };
      "OBJ_193" = {
         isa = "XCConfigurationList";
         buildConfigurations = (
            "OBJ_194",
            "OBJ_195"
         );
         defaultConfigurationIsVisible = "0";
         defaultConfigurationName = "Release";
      };
      "OBJ_194" = {
         isa = "XCBuildConfiguration";
         buildSettings = {
            CLANG_ENABLE_MODULES = "YES";
            EMBEDDED_CONTENT_CONTAINS_SWIFT = "YES";
            FRAMEWORK_SEARCH_PATHS = (
               "$(inherited)",
               "$(PLATFORM_DIR)/Developer/Library/Frameworks"
            );
            HEADER_SEARCH_PATHS = (
               "$(inherited)"
            );
            INFOPLIST_FILE = "SwifyPy.xcodeproj/SwifyPyTests_Info.plist";
            IPHONEOS_DEPLOYMENT_TARGET = "8.0";
            LD_RUNPATH_SEARCH_PATHS = (
               "$(inherited)",
               "@loader_path/../Frameworks",
               "@loader_path/Frameworks"
            );
            MACOSX_DEPLOYMENT_TARGET = "10.10";
            OTHER_CFLAGS = (
               "$(inherited)"
            );
            OTHER_LDFLAGS = (
               "$(inherited)"
            );
            OTHER_SWIFT_FLAGS = (
               "$(inherited)"
            );
            SWIFT_ACTIVE_COMPILATION_CONDITIONS = (
               "$(inherited)"
            );
            SWIFT_VERSION = "5.0";
            TARGET_NAME = "SwifyPyTests";
            TVOS_DEPLOYMENT_TARGET = "9.0";
            WATCHOS_DEPLOYMENT_TARGET = "2.0";
         };
         name = "Debug";
      };
      "OBJ_195" = {
         isa = "XCBuildConfiguration";
         buildSettings = {
            CLANG_ENABLE_MODULES = "YES";
            EMBEDDED_CONTENT_CONTAINS_SWIFT = "YES";
            FRAMEWORK_SEARCH_PATHS = (
               "$(inherited)",
               "$(PLATFORM_DIR)/Developer/Library/Frameworks"
            );
            HEADER_SEARCH_PATHS = (
               "$(inherited)"
            );
            INFOPLIST_FILE = "SwifyPy.xcodeproj/SwifyPyTests_Info.plist";
            IPHONEOS_DEPLOYMENT_TARGET = "8.0";
            LD_RUNPATH_SEARCH_PATHS = (
               "$(inherited)",
               "@loader_path/../Frameworks",
               "@loader_path/Frameworks"
            );
            MACOSX_DEPLOYMENT_TARGET = "10.10";
            OTHER_CFLAGS = (
               "$(inherited)"
            );
            OTHER_LDFLAGS = (
               "$(inherited)"
            );
            OTHER_SWIFT_FLAGS = (
               "$(inherited)"
            );
            SWIFT_ACTIVE_COMPILATION_CONDITIONS = (
               "$(inherited)"
            );
            SWIFT_VERSION = "5.0";
            TARGET_NAME = "SwifyPyTests";
            TVOS_DEPLOYMENT_TARGET = "9.0";
            WATCHOS_DEPLOYMENT_TARGET = "2.0";
         };
         name = "Release";
      };
      "OBJ_196" = {
         isa = "PBXSourcesBuildPhase";
         files = (
            "OBJ_197",
            "OBJ_198",
            "OBJ_199",
            "OBJ_200",
            "OBJ_201",
            "OBJ_202",
            "OBJ_203",
            "OBJ_204",
            "OBJ_205",
            "OBJ_206",
            "OBJ_207",
            "OBJ_208",
            "OBJ_209",
            "OBJ_210"
         );
      };
      "OBJ_197" = {
         isa = "PBXBuildFile";
         fileRef = "OBJ_64";
      };
      "OBJ_198" = {
         isa = "PBXBuildFile";
         fileRef = "OBJ_65";
      };
      "OBJ_199" = {
         isa = "PBXBuildFile";
         fileRef = "OBJ_66";
      };
      "OBJ_2" = {
         isa = "XCConfigurationList";
         buildConfigurations = (
            "OBJ_3",
            "OBJ_4"
         );
         defaultConfigurationIsVisible = "0";
         defaultConfigurationName = "Release";
      };
      "OBJ_20" = {
         isa = "PBXFileReference";
         path = "trapezoidial.swift";
         sourceTree = "<group>";
      };
      "OBJ_200" = {
         isa = "PBXBuildFile";
         fileRef = "OBJ_67";
      };
      "OBJ_201" = {
         isa = "PBXBuildFile";
         fileRef = "OBJ_68";
      };
      "OBJ_202" = {
         isa = "PBXBuildFile";
         fileRef = "OBJ_69";
      };
      "OBJ_203" = {
         isa = "PBXBuildFile";
         fileRef = "OBJ_70";
      };
      "OBJ_204" = {
         isa = "PBXBuildFile";
         fileRef = "OBJ_71";
      };
      "OBJ_205" = {
         isa = "PBXBuildFile";
         fileRef = "OBJ_72";
      };
      "OBJ_206" = {
         isa = "PBXBuildFile";
         fileRef = "OBJ_73";
      };
      "OBJ_207" = {
         isa = "PBXBuildFile";
         fileRef = "OBJ_74";
      };
      "OBJ_208" = {
         isa = "PBXBuildFile";
         fileRef = "OBJ_75";
      };
      "OBJ_209" = {
         isa = "PBXBuildFile";
         fileRef = "OBJ_76";
      };
      "OBJ_21" = {
         isa = "PBXGroup";
         children = (
            "OBJ_22",
            "OBJ_23"
         );
         name = "Functions";
         path = "Functions";
         sourceTree = "<group>";
      };
      "OBJ_210" = {
         isa = "PBXBuildFile";
         fileRef = "OBJ_77";
      };
      "OBJ_211" = {
         isa = "PBXFrameworksBuildPhase";
         files = (
            "OBJ_212",
            "OBJ_213"
         );
      };
      "OBJ_212" = {
         isa = "PBXBuildFile";
         fileRef = "SwifyPy::SwifyPy::Product";
      };
      "OBJ_213" = {
         isa = "PBXBuildFile";
         fileRef = "PythonKit::PythonKit::Product";
      };
      "OBJ_214" = {
         isa = "PBXTargetDependency";
         target = "SwifyPy::SwifyPy";
      };
      "OBJ_215" = {
         isa = "PBXTargetDependency";
         target = "PythonKit::PythonKit";
      };
      "OBJ_22" = {
         isa = "PBXFileReference";
         path = "Function.swift";
         sourceTree = "<group>";
      };
      "OBJ_23" = {
         isa = "PBXFileReference";
         path = "curry.swift";
         sourceTree = "<group>";
      };
      "OBJ_24" = {
         isa = "PBXGroup";
         children = (
            "OBJ_25",
            "OBJ_26"
         );
         name = "Graph";
         path = "Graph";
         sourceTree = "<group>";
      };
      "OBJ_25" = {
         isa = "PBXFileReference";
         path = "Graph.swift";
         sourceTree = "<group>";
      };
      "OBJ_26" = {
         isa = "PBXFileReference";
         path = "KDTree.swift";
         sourceTree = "<group>";
      };
      "OBJ_27" = {
         isa = "PBXGroup";
         children = (
            "OBJ_28",
            "OBJ_36",
            "OBJ_48"
         );
         name = "LinearAlgebra";
         path = "LinearAlgebra";
         sourceTree = "<group>";
      };
      "OBJ_28" = {
         isa = "PBXGroup";
         children = (
            "OBJ_29",
            "OBJ_30",
            "OBJ_31",
            "OBJ_32",
            "OBJ_33",
            "OBJ_34",
            "OBJ_35"
         );
         name = "Algorithms";
         path = "Algorithms";
         sourceTree = "<group>";
      };
      "OBJ_29" = {
         isa = "PBXFileReference";
         path = "Eigen.swift";
         sourceTree = "<group>";
      };
      "OBJ_3" = {
         isa = "XCBuildConfiguration";
         buildSettings = {
            CLANG_ENABLE_OBJC_ARC = "YES";
            COMBINE_HIDPI_IMAGES = "YES";
            COPY_PHASE_STRIP = "NO";
            DEBUG_INFORMATION_FORMAT = "dwarf";
            DYLIB_INSTALL_NAME_BASE = "@rpath";
            ENABLE_NS_ASSERTIONS = "YES";
            GCC_OPTIMIZATION_LEVEL = "0";
            GCC_PREPROCESSOR_DEFINITIONS = (
               "$(inherited)",
               "SWIFT_PACKAGE=1",
               "DEBUG=1"
            );
            MACOSX_DEPLOYMENT_TARGET = "10.10";
            ONLY_ACTIVE_ARCH = "YES";
            OTHER_SWIFT_FLAGS = (
               "$(inherited)",
               "-DXcode"
            );
            PRODUCT_NAME = "$(TARGET_NAME)";
            SDKROOT = "macosx";
            SUPPORTED_PLATFORMS = (
               "macosx",
               "iphoneos",
               "iphonesimulator",
               "appletvos",
               "appletvsimulator",
               "watchos",
               "watchsimulator"
            );
            SWIFT_ACTIVE_COMPILATION_CONDITIONS = (
               "$(inherited)",
               "SWIFT_PACKAGE",
               "DEBUG"
            );
            SWIFT_OPTIMIZATION_LEVEL = "-Onone";
            USE_HEADERMAP = "NO";
         };
         name = "Debug";
      };
      "OBJ_30" = {
         isa = "PBXFileReference";
         path = "HessenbergDecomposition.swift";
         sourceTree = "<group>";
      };
      "OBJ_31" = {
         isa = "PBXFileReference";
         path = "LUDecomposition.swift";
         sourceTree = "<group>";
      };
      "OBJ_32" = {
         isa = "PBXFileReference";
         path = "Laplace2D.swift";
         sourceTree = "<group>";
      };
      "OBJ_33" = {
         isa = "PBXFileReference";
         path = "QRDecomposition.swift";
         sourceTree = "<group>";
      };
      "OBJ_34" = {
         isa = "PBXFileReference";
         path = "SpectralGrouping.swift";
         sourceTree = "<group>";
      };
      "OBJ_35" = {
         isa = "PBXFileReference";
         path = "argmax.swift";
         sourceTree = "<group>";
      };
      "OBJ_36" = {
         isa = "PBXGroup";
         children = (
            "OBJ_37",
            "OBJ_38",
            "OBJ_39",
            "OBJ_40",
            "OBJ_41",
            "OBJ_42",
            "OBJ_43",
            "OBJ_44",
            "OBJ_45",
            "OBJ_46",
            "OBJ_47"
         );
         name = "Data structures";
         path = "Data structures";
         sourceTree = "<group>";
      };
      "OBJ_37" = {
         isa = "PBXFileReference";
         path = "BandMatrix.swift";
         sourceTree = "<group>";
      };
      "OBJ_38" = {
         isa = "PBXFileReference";
         path = "GivensMatrix.swift";
         sourceTree = "<group>";
      };
      "OBJ_39" = {
         isa = "PBXFileReference";
         path = "LaplaceMatrix.swift";
         sourceTree = "<group>";
      };
      "OBJ_4" = {
         isa = "XCBuildConfiguration";
         buildSettings = {
            CLANG_ENABLE_OBJC_ARC = "YES";
            COMBINE_HIDPI_IMAGES = "YES";
            COPY_PHASE_STRIP = "YES";
            DEBUG_INFORMATION_FORMAT = "dwarf-with-dsym";
            DYLIB_INSTALL_NAME_BASE = "@rpath";
            GCC_OPTIMIZATION_LEVEL = "s";
            GCC_PREPROCESSOR_DEFINITIONS = (
               "$(inherited)",
               "SWIFT_PACKAGE=1"
            );
            MACOSX_DEPLOYMENT_TARGET = "10.10";
            OTHER_SWIFT_FLAGS = (
               "$(inherited)",
               "-DXcode"
            );
            PRODUCT_NAME = "$(TARGET_NAME)";
            SDKROOT = "macosx";
            SUPPORTED_PLATFORMS = (
               "macosx",
               "iphoneos",
               "iphonesimulator",
               "appletvos",
               "appletvsimulator",
               "watchos",
               "watchsimulator"
            );
            SWIFT_ACTIVE_COMPILATION_CONDITIONS = (
               "$(inherited)",
               "SWIFT_PACKAGE"
            );
            SWIFT_OPTIMIZATION_LEVEL = "-Owholemodule";
            USE_HEADERMAP = "NO";
         };
         name = "Release";
      };
      "OBJ_40" = {
         isa = "PBXFileReference";
         path = "LazyMatrixView.swift";
         sourceTree = "<group>";
      };
      "OBJ_41" = {
         isa = "PBXFileReference";
         path = "LowerBandMatrix.swift";
         sourceTree = "<group>";
      };
      "OBJ_42" = {
         isa = "PBXFileReference";
         path = "Matrix.swift";
         sourceTree = "<group>";
      };
      "OBJ_43" = {
         isa = "PBXFileReference";
         path = "Point.swift";
         sourceTree = "<group>";
      };
      "OBJ_44" = {
         isa = "PBXFileReference";
         path = "SymTridiagonalMatrix.swift";
         sourceTree = "<group>";
      };
      "OBJ_45" = {
         isa = "PBXFileReference";
         path = "SymmetricBandMatrix.swift";
         sourceTree = "<group>";
      };
      "OBJ_46" = {
         isa = "PBXFileReference";
         path = "UpperBandMatrix.swift";
         sourceTree = "<group>";
      };
      "OBJ_47" = {
         isa = "PBXFileReference";
         path = "Vector.swift";
         sourceTree = "<group>";
      };
      "OBJ_48" = {
         isa = "PBXGroup";
         children = (
            "OBJ_49",
            "OBJ_50",
            "OBJ_51",
            "OBJ_52"
         );
         name = "Protocols";
         path = "Protocols";
         sourceTree = "<group>";
      };
      "OBJ_49" = {
         isa = "PBXFileReference";
         path = "DefaultValueInitializable.swift";
         sourceTree = "<group>";
      };
      "OBJ_5" = {
         isa = "PBXGroup";
         children = (
            "OBJ_6",
            "OBJ_7",
            "OBJ_62",
            "OBJ_78",
            "OBJ_87",
            "OBJ_92",
            "OBJ_93",
            "OBJ_94",
            "OBJ_95",
            "OBJ_96",
            "OBJ_97",
            "OBJ_98",
            "OBJ_99",
            "OBJ_100",
            "OBJ_101",
            "OBJ_102",
            "OBJ_103",
            "OBJ_104",
            "OBJ_105",
            "OBJ_106",
            "OBJ_107"
         );
         path = "";
         sourceTree = "<group>";
      };
      "OBJ_50" = {
         isa = "PBXFileReference";
         path = "MatrixProtocol.swift";
         sourceTree = "<group>";
      };
      "OBJ_51" = {
         isa = "PBXFileReference";
         path = "MatrixScalar.swift";
         sourceTree = "<group>";
      };
      "OBJ_52" = {
         isa = "PBXFileReference";
         path = "Transposable.swift";
         sourceTree = "<group>";
      };
      "OBJ_53" = {
         isa = "PBXGroup";
         children = (
            "OBJ_54",
            "OBJ_55"
         );
         name = "Python";
         path = "Python";
         sourceTree = "<group>";
      };
      "OBJ_54" = {
         isa = "PBXFileReference";
         path = "Plot.swift";
         sourceTree = "<group>";
      };
      "OBJ_55" = {
         isa = "PBXFileReference";
         path = "Python.swift";
         sourceTree = "<group>";
      };
      "OBJ_56" = {
         isa = "PBXGroup";
         children = (
            "OBJ_57"
         );
         name = "Random";
         path = "Random";
         sourceTree = "<group>";
      };
      "OBJ_57" = {
         isa = "PBXFileReference";
         path = "Random.swift";
         sourceTree = "<group>";
      };
      "OBJ_58" = {
         isa = "PBXGroup";
         children = (
            "OBJ_59"
         );
         name = "Time";
         path = "Time";
         sourceTree = "<group>";
      };
      "OBJ_59" = {
         isa = "PBXFileReference";
         path = "time.swift";
         sourceTree = "<group>";
      };
      "OBJ_6" = {
         isa = "PBXFileReference";
         explicitFileType = "sourcecode.swift";
         path = "Package.swift";
         sourceTree = "<group>";
      };
      "OBJ_60" = {
         isa = "PBXGroup";
         children = (
            "OBJ_61"
         );
         name = "SwifyPyRun";
         path = "Sources/SwifyPyRun";
         sourceTree = "SOURCE_ROOT";
      };
      "OBJ_61" = {
         isa = "PBXFileReference";
         path = "main.swift";
         sourceTree = "<group>";
      };
      "OBJ_62" = {
         isa = "PBXGroup";
         children = (
            "OBJ_63"
         );
         name = "Tests";
         path = "";
         sourceTree = "SOURCE_ROOT";
      };
      "OBJ_63" = {
         isa = "PBXGroup";
         children = (
            "OBJ_64",
            "OBJ_65",
            "OBJ_66",
            "OBJ_67",
            "OBJ_68",
            "OBJ_69",
            "OBJ_70",
            "OBJ_71",
            "OBJ_72",
            "OBJ_73",
            "OBJ_74",
            "OBJ_75",
            "OBJ_76",
            "OBJ_77"
         );
         name = "SwifyPyTests";
         path = "Tests/SwifyPyTests";
         sourceTree = "SOURCE_ROOT";
      };
      "OBJ_64" = {
         isa = "PBXFileReference";
         path = "BandMatrixTests.swift";
         sourceTree = "<group>";
      };
      "OBJ_65" = {
         isa = "PBXFileReference";
         path = "EigenTests.swift";
         sourceTree = "<group>";
      };
      "OBJ_66" = {
         isa = "PBXFileReference";
         path = "GivensMatrixTests.swift";
         sourceTree = "<group>";
      };
      "OBJ_67" = {
         isa = "PBXFileReference";
         path = "IntegrateTests.swift";
         sourceTree = "<group>";
      };
      "OBJ_68" = {
         isa = "PBXFileReference";
         path = "LUSolverTests.swift";
         sourceTree = "<group>";
      };
      "OBJ_69" = {
         isa = "PBXFileReference";
         path = "Laplace2DTests.swift";
         sourceTree = "<group>";
      };
      "OBJ_7" = {
         isa = "PBXGroup";
         children = (
            "OBJ_8",
            "OBJ_60"
         );
         name = "Sources";
         path = "";
         sourceTree = "SOURCE_ROOT";
      };
      "OBJ_70" = {
         isa = "PBXFileReference";
         path = "LowerBandMatrixTests.swift";
         sourceTree = "<group>";
      };
      "OBJ_71" = {
         isa = "PBXFileReference";
         path = "MatrixTests.swift";
         sourceTree = "<group>";
      };
      "OBJ_72" = {
         isa = "PBXFileReference";
         path = "QRDecompositionTests.swift";
         sourceTree = "<group>";
      };
      "OBJ_73" = {
         isa = "PBXFileReference";
         path = "SymTridiagonalMatrixTests.swift";
         sourceTree = "<group>";
      };
      "OBJ_74" = {
         isa = "PBXFileReference";
         path = "SymmetricBandMatrixTests.swift";
         sourceTree = "<group>";
      };
      "OBJ_75" = {
         isa = "PBXFileReference";
         path = "UpperBandMatrixTests.swift";
         sourceTree = "<group>";
      };
      "OBJ_76" = {
         isa = "PBXFileReference";
         path = "VectorTests.swift";
         sourceTree = "<group>";
      };
      "OBJ_77" = {
         isa = "PBXFileReference";
         path = "XCTestManifests.swift";
         sourceTree = "<group>";
      };
      "OBJ_78" = {
         isa = "PBXGroup";
         children = (
            "OBJ_79"
         );
         name = "Dependencies";
         path = "";
         sourceTree = "<group>";
      };
      "OBJ_79" = {
         isa = "PBXGroup";
         children = (
            "OBJ_80",
            "OBJ_85",
            "OBJ_86"
         );
         name = "PythonKit";
         path = "";
         sourceTree = "SOURCE_ROOT";
      };
      "OBJ_8" = {
         isa = "PBXGroup";
         children = (
            "OBJ_9",
            "OBJ_21",
            "OBJ_24",
            "OBJ_27",
            "OBJ_53",
            "OBJ_56",
            "OBJ_58"
         );
         name = "SwifyPy";
         path = "Sources/SwifyPy";
         sourceTree = "SOURCE_ROOT";
      };
      "OBJ_80" = {
         isa = "PBXGroup";
         children = (
            "OBJ_81",
            "OBJ_82",
            "OBJ_83",
            "OBJ_84"
         );
         name = "PythonKit";
         path = ".build/checkouts/PythonKit/PythonKit";
         sourceTree = "SOURCE_ROOT";
      };
      "OBJ_81" = {
         isa = "PBXFileReference";
         path = "NumpyConversion.swift";
         sourceTree = "<group>";
      };
      "OBJ_82" = {
         isa = "PBXFileReference";
         path = "Python.swift";
         sourceTree = "<group>";
      };
      "OBJ_83" = {
         isa = "PBXFileReference";
         path = "PythonLibrary+Symbols.swift";
         sourceTree = "<group>";
      };
      "OBJ_84" = {
         isa = "PBXFileReference";
         path = "PythonLibrary.swift";
         sourceTree = "<group>";
      };
      "OBJ_85" = {
         isa = "PBXGroup";
         children = (
         );
         name = "PythonTool";
         path = ".build/checkouts/PythonKit/PythonTool";
         sourceTree = "SOURCE_ROOT";
      };
      "OBJ_86" = {
         isa = "PBXFileReference";
         explicitFileType = "sourcecode.swift";
         name = "Package.swift";
         path = "/Users/tonikocjan/swift/nummat-1920/src/Dn1-toni/Numeric/.build/checkouts/PythonKit/Package.swift";
         sourceTree = "<group>";
      };
      "OBJ_87" = {
         isa = "PBXGroup";
         children = (
            "SwifyPy::SwifyPyRun::Product",
            "SwifyPy::SwifyPyTests::Product",
            "PythonKit::PythonKit::Product",
            "SwifyPy::SwifyPy::Product"
         );
         name = "Products";
         path = "";
         sourceTree = "BUILT_PRODUCTS_DIR";
      };
      "OBJ_9" = {
         isa = "PBXGroup";
         children = (
            "OBJ_10",
            "OBJ_15"
         );
         name = "Calculus";
         path = "Calculus";
         sourceTree = "<group>";
      };
      "OBJ_92" = {
         isa = "PBXFileReference";
         path = "romberg.png";
         sourceTree = "<group>";
      };
      "OBJ_93" = {
         isa = "PBXFileReference";
         path = "naive_error.png";
         sourceTree = "<group>";
      };
      "OBJ_94" = {
         isa = "PBXFileReference";
         path = "milnica.png";
         sourceTree = "<group>";
      };
      "OBJ_95" = {
         isa = "PBXFileReference";
         path = "mc*_error.png";
         sourceTree = "<group>";
      };
      "OBJ_96" = {
         isa = "PBXFileReference";
         path = "spy.png";
         sourceTree = "<group>";
      };
      "OBJ_97" = {
         isa = "PBXFileReference";
         path = "naive*_error.png";
         sourceTree = "<group>";
      };
      "OBJ_98" = {
         isa = "PBXFileReference";
         path = "kmeans.png";
         sourceTree = "<group>";
      };
      "OBJ_99" = {
         isa = "PBXFileReference";
         path = "README.md";
         sourceTree = "<group>";
      };
      "PythonKit::PythonKit" = {
         isa = "PBXNativeTarget";
         buildConfigurationList = "OBJ_109";
         buildPhases = (
            "OBJ_112",
            "OBJ_117"
         );
         dependencies = (
         );
         name = "PythonKit";
         productName = "PythonKit";
         productReference = "PythonKit::PythonKit::Product";
         productType = "com.apple.product-type.framework";
      };
      "PythonKit::PythonKit::Product" = {
         isa = "PBXFileReference";
         path = "PythonKit.framework";
         sourceTree = "BUILT_PRODUCTS_DIR";
      };
      "PythonKit::SwiftPMPackageDescription" = {
         isa = "PBXNativeTarget";
         buildConfigurationList = "OBJ_119";
         buildPhases = (
            "OBJ_122"
         );
         dependencies = (
         );
         name = "PythonKitPackageDescription";
         productName = "PythonKitPackageDescription";
         productType = "com.apple.product-type.framework";
      };
      "SwifyPy::SwiftPMPackageDescription" = {
         isa = "PBXNativeTarget";
         buildConfigurationList = "OBJ_171";
         buildPhases = (
            "OBJ_174"
         );
         dependencies = (
         );
         name = "SwifyPyPackageDescription";
         productName = "SwifyPyPackageDescription";
         productType = "com.apple.product-type.framework";
      };
      "SwifyPy::SwifyPy" = {
         isa = "PBXNativeTarget";
         buildConfigurationList = "OBJ_125";
         buildPhases = (
            "OBJ_128",
            "OBJ_167"
         );
         dependencies = (
            "OBJ_169"
         );
         name = "SwifyPy";
         productName = "SwifyPy";
         productReference = "SwifyPy::SwifyPy::Product";
         productType = "com.apple.product-type.framework";
      };
      "SwifyPy::SwifyPy::Product" = {
         isa = "PBXFileReference";
         path = "SwifyPy.framework";
         sourceTree = "BUILT_PRODUCTS_DIR";
      };
      "SwifyPy::SwifyPyPackageTests::ProductTarget" = {
         isa = "PBXAggregateTarget";
         buildConfigurationList = "OBJ_177";
         buildPhases = (
         );
         dependencies = (
            "OBJ_180"
         );
         name = "SwifyPyPackageTests";
         productName = "SwifyPyPackageTests";
      };
      "SwifyPy::SwifyPyRun" = {
         isa = "PBXNativeTarget";
         buildConfigurationList = "OBJ_183";
         buildPhases = (
            "OBJ_186",
            "OBJ_188"
         );
         dependencies = (
            "OBJ_191",
            "OBJ_192"
         );
         name = "SwifyPyRun";
         productName = "SwifyPyRun";
         productReference = "SwifyPy::SwifyPyRun::Product";
         productType = "com.apple.product-type.tool";
      };
      "SwifyPy::SwifyPyRun::Product" = {
         isa = "PBXFileReference";
         path = "SwifyPyRun";
         sourceTree = "BUILT_PRODUCTS_DIR";
      };
      "SwifyPy::SwifyPyTests" = {
         isa = "PBXNativeTarget";
         buildConfigurationList = "OBJ_193";
         buildPhases = (
            "OBJ_196",
            "OBJ_211"
         );
         dependencies = (
            "OBJ_214",
            "OBJ_215"
         );
         name = "SwifyPyTests";
         productName = "SwifyPyTests";
         productReference = "SwifyPy::SwifyPyTests::Product";
         productType = "com.apple.product-type.bundle.unit-test";
      };
      "SwifyPy::SwifyPyTests::Product" = {
         isa = "PBXFileReference";
         path = "SwifyPyTests.xctest";
         sourceTree = "BUILT_PRODUCTS_DIR";
      };
   };
   rootObject = "OBJ_1";
}
