// !$*UTF8*$!
{
	archiveVersion = 1;
	classes = {
	};
	objectVersion = 46;
	objects = {

/* Begin PBXAggregateTarget section */
		"SwifyPy::SwifyPyPackageTests::ProductTarget" /* SwifyPyPackageTests */ = {
			isa = PBXAggregateTarget;
			buildConfigurationList = OBJ_104 /* Build configuration list for PBXAggregateTarget "SwifyPyPackageTests" */;
			buildPhases = (
			);
			dependencies = (
				OBJ_107 /* PBXTargetDependency */,
			);
			name = SwifyPyPackageTests;
			productName = SwifyPyPackageTests;
		};
/* End PBXAggregateTarget section */

/* Begin PBXBuildFile section */
		OBJ_102 /* Package.swift in Sources */ = {isa = PBXBuildFile; fileRef = OBJ_6 /* Package.swift */; };
		OBJ_114 /* main.swift in Sources */ = {isa = PBXBuildFile; fileRef = OBJ_30 /* main.swift */; };
		OBJ_116 /* SwifyPy.framework in Frameworks */ = {isa = PBXBuildFile; fileRef = "SwifyPy::SwifyPy::Product" /* SwifyPy.framework */; };
		OBJ_117 /* PythonKit.framework in Frameworks */ = {isa = PBXBuildFile; fileRef = "PythonKit::PythonKit::Product" /* PythonKit.framework */; };
		OBJ_124 /* BandMatrixTests.swift in Sources */ = {isa = PBXBuildFile; fileRef = OBJ_33 /* BandMatrixTests.swift */; };
		OBJ_125 /* LUSolverTests.swift in Sources */ = {isa = PBXBuildFile; fileRef = OBJ_34 /* LUSolverTests.swift */; };
		OBJ_126 /* Laplace2DTests.swift in Sources */ = {isa = PBXBuildFile; fileRef = OBJ_35 /* Laplace2DTests.swift */; };
		OBJ_127 /* LowerBandMatrixTests.swift in Sources */ = {isa = PBXBuildFile; fileRef = OBJ_36 /* LowerBandMatrixTests.swift */; };
		OBJ_128 /* MatrixTests.swift in Sources */ = {isa = PBXBuildFile; fileRef = OBJ_37 /* MatrixTests.swift */; };
		OBJ_129 /* UpperBandMatrixTests.swift in Sources */ = {isa = PBXBuildFile; fileRef = OBJ_38 /* UpperBandMatrixTests.swift */; };
		OBJ_130 /* VectorTests.swift in Sources */ = {isa = PBXBuildFile; fileRef = OBJ_39 /* VectorTests.swift */; };
		OBJ_131 /* XCTestManifests.swift in Sources */ = {isa = PBXBuildFile; fileRef = OBJ_40 /* XCTestManifests.swift */; };
		OBJ_133 /* SwifyPy.framework in Frameworks */ = {isa = PBXBuildFile; fileRef = "SwifyPy::SwifyPy::Product" /* SwifyPy.framework */; };
		OBJ_134 /* PythonKit.framework in Frameworks */ = {isa = PBXBuildFile; fileRef = "PythonKit::PythonKit::Product" /* PythonKit.framework */; };
		OBJ_64 /* NumpyConversion.swift in Sources */ = {isa = PBXBuildFile; fileRef = OBJ_44 /* NumpyConversion.swift */; };
		OBJ_65 /* Python.swift in Sources */ = {isa = PBXBuildFile; fileRef = OBJ_45 /* Python.swift */; };
		OBJ_66 /* PythonLibrary+Symbols.swift in Sources */ = {isa = PBXBuildFile; fileRef = OBJ_46 /* PythonLibrary+Symbols.swift */; };
		OBJ_67 /* PythonLibrary.swift in Sources */ = {isa = PBXBuildFile; fileRef = OBJ_47 /* PythonLibrary.swift */; };
		OBJ_74 /* Package.swift in Sources */ = {isa = PBXBuildFile; fileRef = OBJ_49 /* Package.swift */; };
		OBJ_80 /* cow.swift in Sources */ = {isa = PBXBuildFile; fileRef = OBJ_10 /* cow.swift */; };
		OBJ_81 /* LUDecomposition.swift in Sources */ = {isa = PBXBuildFile; fileRef = OBJ_13 /* LUDecomposition.swift */; };
		OBJ_82 /* Laplace2D.swift in Sources */ = {isa = PBXBuildFile; fileRef = OBJ_14 /* Laplace2D.swift */; };
		OBJ_83 /* argmax.swift in Sources */ = {isa = PBXBuildFile; fileRef = OBJ_15 /* argmax.swift */; };
		OBJ_84 /* BandMatrix.swift in Sources */ = {isa = PBXBuildFile; fileRef = OBJ_16 /* BandMatrix.swift */; };
		OBJ_85 /* LowerBandMatrix.swift in Sources */ = {isa = PBXBuildFile; fileRef = OBJ_17 /* LowerBandMatrix.swift */; };
		OBJ_86 /* Matrix.swift in Sources */ = {isa = PBXBuildFile; fileRef = OBJ_18 /* Matrix.swift */; };
		OBJ_87 /* DefaultValueInitializable.swift in Sources */ = {isa = PBXBuildFile; fileRef = OBJ_20 /* DefaultValueInitializable.swift */; };
		OBJ_88 /* MatrixProtocol.swift in Sources */ = {isa = PBXBuildFile; fileRef = OBJ_21 /* MatrixProtocol.swift */; };
		OBJ_89 /* Transposable.swift in Sources */ = {isa = PBXBuildFile; fileRef = OBJ_22 /* Transposable.swift */; };
		OBJ_90 /* UpperBandMatrix.swift in Sources */ = {isa = PBXBuildFile; fileRef = OBJ_23 /* UpperBandMatrix.swift */; };
		OBJ_91 /* Vector.swift in Sources */ = {isa = PBXBuildFile; fileRef = OBJ_24 /* Vector.swift */; };
		OBJ_92 /* Python.swift in Sources */ = {isa = PBXBuildFile; fileRef = OBJ_26 /* Python.swift */; };
		OBJ_93 /* time.swift in Sources */ = {isa = PBXBuildFile; fileRef = OBJ_28 /* time.swift */; };
		OBJ_95 /* PythonKit.framework in Frameworks */ = {isa = PBXBuildFile; fileRef = "PythonKit::PythonKit::Product" /* PythonKit.framework */; };
/* End PBXBuildFile section */

/* Begin PBXContainerItemProxy section */
		37BC86062422316200686F90 /* PBXContainerItemProxy */ = {
			isa = PBXContainerItemProxy;
			containerPortal = OBJ_1 /* Project object */;
			proxyType = 1;
			remoteGlobalIDString = "SwifyPy::SwifyPy";
			remoteInfo = SwifyPy;
		};
		37BC86072422316200686F90 /* PBXContainerItemProxy */ = {
			isa = PBXContainerItemProxy;
			containerPortal = OBJ_1 /* Project object */;
			proxyType = 1;
			remoteGlobalIDString = "PythonKit::PythonKit";
			remoteInfo = PythonKit;
		};
		37BC86082422316200686F90 /* PBXContainerItemProxy */ = {
			isa = PBXContainerItemProxy;
			containerPortal = OBJ_1 /* Project object */;
			proxyType = 1;
			remoteGlobalIDString = "PythonKit::PythonKit";
			remoteInfo = PythonKit;
		};
		37BC86092422316200686F90 /* PBXContainerItemProxy */ = {
			isa = PBXContainerItemProxy;
			containerPortal = OBJ_1 /* Project object */;
			proxyType = 1;
			remoteGlobalIDString = "SwifyPy::SwifyPy";
			remoteInfo = SwifyPy;
		};
		37BC860A2422316200686F90 /* PBXContainerItemProxy */ = {
			isa = PBXContainerItemProxy;
			containerPortal = OBJ_1 /* Project object */;
			proxyType = 1;
			remoteGlobalIDString = "PythonKit::PythonKit";
			remoteInfo = PythonKit;
		};
		37BC860B2422316300686F90 /* PBXContainerItemProxy */ = {
			isa = PBXContainerItemProxy;
			containerPortal = OBJ_1 /* Project object */;
			proxyType = 1;
			remoteGlobalIDString = "SwifyPy::SwifyPyTests";
			remoteInfo = SwifyPyTests;
		};
/* End PBXContainerItemProxy section */

/* Begin PBXFileReference section */
		OBJ_10 /* cow.swift */ = {isa = PBXFileReference; lastKnownFileType = sourcecode.swift; path = cow.swift; sourceTree = "<group>"; };
		OBJ_13 /* LUDecomposition.swift */ = {isa = PBXFileReference; lastKnownFileType = sourcecode.swift; path = LUDecomposition.swift; sourceTree = "<group>"; };
		OBJ_14 /* Laplace2D.swift */ = {isa = PBXFileReference; lastKnownFileType = sourcecode.swift; path = Laplace2D.swift; sourceTree = "<group>"; };
		OBJ_15 /* argmax.swift */ = {isa = PBXFileReference; lastKnownFileType = sourcecode.swift; path = argmax.swift; sourceTree = "<group>"; };
		OBJ_16 /* BandMatrix.swift */ = {isa = PBXFileReference; lastKnownFileType = sourcecode.swift; path = BandMatrix.swift; sourceTree = "<group>"; };
		OBJ_17 /* LowerBandMatrix.swift */ = {isa = PBXFileReference; lastKnownFileType = sourcecode.swift; path = LowerBandMatrix.swift; sourceTree = "<group>"; };
		OBJ_18 /* Matrix.swift */ = {isa = PBXFileReference; lastKnownFileType = sourcecode.swift; path = Matrix.swift; sourceTree = "<group>"; };
		OBJ_20 /* DefaultValueInitializable.swift */ = {isa = PBXFileReference; lastKnownFileType = sourcecode.swift; path = DefaultValueInitializable.swift; sourceTree = "<group>"; };
		OBJ_21 /* MatrixProtocol.swift */ = {isa = PBXFileReference; lastKnownFileType = sourcecode.swift; path = MatrixProtocol.swift; sourceTree = "<group>"; };
		OBJ_22 /* Transposable.swift */ = {isa = PBXFileReference; lastKnownFileType = sourcecode.swift; path = Transposable.swift; sourceTree = "<group>"; };
		OBJ_23 /* UpperBandMatrix.swift */ = {isa = PBXFileReference; lastKnownFileType = sourcecode.swift; path = UpperBandMatrix.swift; sourceTree = "<group>"; };
		OBJ_24 /* Vector.swift */ = {isa = PBXFileReference; lastKnownFileType = sourcecode.swift; path = Vector.swift; sourceTree = "<group>"; };
		OBJ_26 /* Python.swift */ = {isa = PBXFileReference; lastKnownFileType = sourcecode.swift; path = Python.swift; sourceTree = "<group>"; };
		OBJ_28 /* time.swift */ = {isa = PBXFileReference; lastKnownFileType = sourcecode.swift; path = time.swift; sourceTree = "<group>"; };
		OBJ_30 /* main.swift */ = {isa = PBXFileReference; lastKnownFileType = sourcecode.swift; path = main.swift; sourceTree = "<group>"; };
		OBJ_33 /* BandMatrixTests.swift */ = {isa = PBXFileReference; lastKnownFileType = sourcecode.swift; path = BandMatrixTests.swift; sourceTree = "<group>"; };
		OBJ_34 /* LUSolverTests.swift */ = {isa = PBXFileReference; lastKnownFileType = sourcecode.swift; path = LUSolverTests.swift; sourceTree = "<group>"; };
		OBJ_35 /* Laplace2DTests.swift */ = {isa = PBXFileReference; lastKnownFileType = sourcecode.swift; path = Laplace2DTests.swift; sourceTree = "<group>"; };
		OBJ_36 /* LowerBandMatrixTests.swift */ = {isa = PBXFileReference; lastKnownFileType = sourcecode.swift; path = LowerBandMatrixTests.swift; sourceTree = "<group>"; };
		OBJ_37 /* MatrixTests.swift */ = {isa = PBXFileReference; lastKnownFileType = sourcecode.swift; path = MatrixTests.swift; sourceTree = "<group>"; };
		OBJ_38 /* UpperBandMatrixTests.swift */ = {isa = PBXFileReference; lastKnownFileType = sourcecode.swift; path = UpperBandMatrixTests.swift; sourceTree = "<group>"; };
		OBJ_39 /* VectorTests.swift */ = {isa = PBXFileReference; lastKnownFileType = sourcecode.swift; path = VectorTests.swift; sourceTree = "<group>"; };
		OBJ_40 /* XCTestManifests.swift */ = {isa = PBXFileReference; lastKnownFileType = sourcecode.swift; path = XCTestManifests.swift; sourceTree = "<group>"; };
		OBJ_44 /* NumpyConversion.swift */ = {isa = PBXFileReference; lastKnownFileType = sourcecode.swift; path = NumpyConversion.swift; sourceTree = "<group>"; };
		OBJ_45 /* Python.swift */ = {isa = PBXFileReference; lastKnownFileType = sourcecode.swift; path = Python.swift; sourceTree = "<group>"; };
		OBJ_46 /* PythonLibrary+Symbols.swift */ = {isa = PBXFileReference; lastKnownFileType = sourcecode.swift; path = "PythonLibrary+Symbols.swift"; sourceTree = "<group>"; };
		OBJ_47 /* PythonLibrary.swift */ = {isa = PBXFileReference; lastKnownFileType = sourcecode.swift; path = PythonLibrary.swift; sourceTree = "<group>"; };
		OBJ_49 /* Package.swift */ = {isa = PBXFileReference; explicitFileType = sourcecode.swift; name = Package.swift; path = /Users/tonikocjan/swift/Numeric/.build/checkouts/PythonKit/Package.swift; sourceTree = "<group>"; };
		OBJ_55 /* docs */ = {isa = PBXFileReference; lastKnownFileType = folder; path = docs; sourceTree = SOURCE_ROOT; };
		OBJ_57 /* README.md */ = {isa = PBXFileReference; lastKnownFileType = net.daringfireball.markdown; path = README.md; sourceTree = "<group>"; };
		OBJ_6 /* Package.swift */ = {isa = PBXFileReference; explicitFileType = sourcecode.swift; path = Package.swift; sourceTree = "<group>"; };
		"PythonKit::PythonKit::Product" /* PythonKit.framework */ = {isa = PBXFileReference; lastKnownFileType = wrapper.framework; path = PythonKit.framework; sourceTree = BUILT_PRODUCTS_DIR; };
		"SwifyPy::SwifyPy::Product" /* SwifyPy.framework */ = {isa = PBXFileReference; lastKnownFileType = wrapper.framework; path = SwifyPy.framework; sourceTree = BUILT_PRODUCTS_DIR; };
		"SwifyPy::SwifyPyRun::Product" /* SwifyPyRun */ = {isa = PBXFileReference; lastKnownFileType = text; path = SwifyPyRun; sourceTree = BUILT_PRODUCTS_DIR; };
		"SwifyPy::SwifyPyTests::Product" /* SwifyPyTests.xctest */ = {isa = PBXFileReference; lastKnownFileType = file; path = SwifyPyTests.xctest; sourceTree = BUILT_PRODUCTS_DIR; };
/* End PBXFileReference section */

/* Begin PBXFrameworksBuildPhase section */
		OBJ_115 /* Frameworks */ = {
			isa = PBXFrameworksBuildPhase;
			buildActionMask = 0;
			files = (
				OBJ_116 /* SwifyPy.framework in Frameworks */,
				OBJ_117 /* PythonKit.framework in Frameworks */,
			);
			runOnlyForDeploymentPostprocessing = 0;
		};
		OBJ_132 /* Frameworks */ = {
			isa = PBXFrameworksBuildPhase;
			buildActionMask = 0;
			files = (
				OBJ_133 /* SwifyPy.framework in Frameworks */,
				OBJ_134 /* PythonKit.framework in Frameworks */,
			);
			runOnlyForDeploymentPostprocessing = 0;
		};
		OBJ_68 /* Frameworks */ = {
			isa = PBXFrameworksBuildPhase;
			buildActionMask = 0;
			files = (
			);
			runOnlyForDeploymentPostprocessing = 0;
		};
		OBJ_94 /* Frameworks */ = {
			isa = PBXFrameworksBuildPhase;
			buildActionMask = 0;
			files = (
				OBJ_95 /* PythonKit.framework in Frameworks */,
			);
			runOnlyForDeploymentPostprocessing = 0;
		};
/* End PBXFrameworksBuildPhase section */

/* Begin PBXGroup section */
		OBJ_11 /* LinearAlgebra */ = {
			isa = PBXGroup;
			children = (
				OBJ_19 /* Protocols */,
				OBJ_12 /* Algorithms */,
				OBJ_16 /* BandMatrix.swift */,
				OBJ_17 /* LowerBandMatrix.swift */,
				OBJ_18 /* Matrix.swift */,
				OBJ_23 /* UpperBandMatrix.swift */,
				OBJ_24 /* Vector.swift */,
			);
			path = LinearAlgebra;
			sourceTree = "<group>";
		};
		OBJ_12 /* Algorithms */ = {
			isa = PBXGroup;
			children = (
				OBJ_13 /* LUDecomposition.swift */,
				OBJ_14 /* Laplace2D.swift */,
				OBJ_15 /* argmax.swift */,
			);
			path = Algorithms;
			sourceTree = "<group>";
		};
		OBJ_19 /* Protocols */ = {
			isa = PBXGroup;
			children = (
				OBJ_20 /* DefaultValueInitializable.swift */,
				OBJ_21 /* MatrixProtocol.swift */,
				OBJ_22 /* Transposable.swift */,
			);
			path = Protocols;
			sourceTree = "<group>";
		};
		OBJ_25 /* Python */ = {
			isa = PBXGroup;
			children = (
				OBJ_26 /* Python.swift */,
			);
			path = Python;
			sourceTree = "<group>";
		};
		OBJ_27 /* Time */ = {
			isa = PBXGroup;
			children = (
				OBJ_28 /* time.swift */,
			);
			path = Time;
			sourceTree = "<group>";
		};
		OBJ_29 /* SwifyPyRun */ = {
			isa = PBXGroup;
			children = (
				OBJ_30 /* main.swift */,
			);
			name = SwifyPyRun;
			path = Sources/SwifyPyRun;
			sourceTree = SOURCE_ROOT;
		};
		OBJ_31 /* Tests */ = {
			isa = PBXGroup;
			children = (
				OBJ_32 /* SwifyPyTests */,
			);
			name = Tests;
			sourceTree = SOURCE_ROOT;
		};
		OBJ_32 /* SwifyPyTests */ = {
			isa = PBXGroup;
			children = (
				OBJ_33 /* BandMatrixTests.swift */,
				OBJ_34 /* LUSolverTests.swift */,
				OBJ_35 /* Laplace2DTests.swift */,
				OBJ_36 /* LowerBandMatrixTests.swift */,
				OBJ_37 /* MatrixTests.swift */,
				OBJ_38 /* UpperBandMatrixTests.swift */,
				OBJ_39 /* VectorTests.swift */,
				OBJ_40 /* XCTestManifests.swift */,
			);
			name = SwifyPyTests;
			path = Tests/SwifyPyTests;
			sourceTree = SOURCE_ROOT;
		};
		OBJ_41 /* Dependencies */ = {
			isa = PBXGroup;
			children = (
				OBJ_42 /* PythonKit */,
			);
			name = Dependencies;
			sourceTree = "<group>";
		};
		OBJ_42 /* PythonKit */ = {
			isa = PBXGroup;
			children = (
				OBJ_43 /* PythonKit */,
				OBJ_48 /* PythonTool */,
				OBJ_49 /* Package.swift */,
			);
			name = PythonKit;
			sourceTree = SOURCE_ROOT;
		};
		OBJ_43 /* PythonKit */ = {
			isa = PBXGroup;
			children = (
				OBJ_44 /* NumpyConversion.swift */,
				OBJ_45 /* Python.swift */,
				OBJ_46 /* PythonLibrary+Symbols.swift */,
				OBJ_47 /* PythonLibrary.swift */,
			);
			name = PythonKit;
			path = .build/checkouts/PythonKit/PythonKit;
			sourceTree = SOURCE_ROOT;
		};
		OBJ_48 /* PythonTool */ = {
			isa = PBXGroup;
			children = (
			);
			name = PythonTool;
			path = .build/checkouts/PythonKit/PythonTool;
			sourceTree = SOURCE_ROOT;
		};
		OBJ_5 /*  */ = {
			isa = PBXGroup;
			children = (
				OBJ_6 /* Package.swift */,
				OBJ_7 /* Sources */,
				OBJ_31 /* Tests */,
				OBJ_41 /* Dependencies */,
				OBJ_50 /* Products */,
				OBJ_55 /* docs */,
				OBJ_57 /* README.md */,
			);
			name = "";
			sourceTree = "<group>";
		};
		OBJ_50 /* Products */ = {
			isa = PBXGroup;
			children = (
				"PythonKit::PythonKit::Product" /* PythonKit.framework */,
				"SwifyPy::SwifyPyTests::Product" /* SwifyPyTests.xctest */,
				"SwifyPy::SwifyPyRun::Product" /* SwifyPyRun */,
				"SwifyPy::SwifyPy::Product" /* SwifyPy.framework */,
			);
			name = Products;
			sourceTree = BUILT_PRODUCTS_DIR;
		};
		OBJ_7 /* Sources */ = {
			isa = PBXGroup;
			children = (
				OBJ_8 /* SwifyPy */,
				OBJ_29 /* SwifyPyRun */,
			);
			name = Sources;
			sourceTree = SOURCE_ROOT;
		};
		OBJ_8 /* SwifyPy */ = {
			isa = PBXGroup;
			children = (
				OBJ_9 /* CopyOnWrite */,
				OBJ_11 /* LinearAlgebra */,
				OBJ_25 /* Python */,
				OBJ_27 /* Time */,
			);
			name = SwifyPy;
			path = Sources/SwifyPy;
			sourceTree = SOURCE_ROOT;
		};
		OBJ_9 /* CopyOnWrite */ = {
			isa = PBXGroup;
			children = (
				OBJ_10 /* cow.swift */,
			);
			path = CopyOnWrite;
			sourceTree = "<group>";
		};
/* End PBXGroup section */

/* Begin PBXNativeTarget section */
		"PythonKit::PythonKit" /* PythonKit */ = {
			isa = PBXNativeTarget;
			buildConfigurationList = OBJ_60 /* Build configuration list for PBXNativeTarget "PythonKit" */;
			buildPhases = (
				OBJ_63 /* Sources */,
				OBJ_68 /* Frameworks */,
			);
			buildRules = (
			);
			dependencies = (
			);
			name = PythonKit;
			productName = PythonKit;
			productReference = "PythonKit::PythonKit::Product" /* PythonKit.framework */;
			productType = "com.apple.product-type.framework";
		};
		"PythonKit::SwiftPMPackageDescription" /* PythonKitPackageDescription */ = {
			isa = PBXNativeTarget;
			buildConfigurationList = OBJ_70 /* Build configuration list for PBXNativeTarget "PythonKitPackageDescription" */;
			buildPhases = (
				OBJ_73 /* Sources */,
			);
			buildRules = (
			);
			dependencies = (
			);
			name = PythonKitPackageDescription;
			productName = PythonKitPackageDescription;
			productType = "com.apple.product-type.framework";
		};
		"SwifyPy::SwiftPMPackageDescription" /* SwifyPyPackageDescription */ = {
			isa = PBXNativeTarget;
			buildConfigurationList = OBJ_98 /* Build configuration list for PBXNativeTarget "SwifyPyPackageDescription" */;
			buildPhases = (
				OBJ_101 /* Sources */,
			);
			buildRules = (
			);
			dependencies = (
			);
			name = SwifyPyPackageDescription;
			productName = SwifyPyPackageDescription;
			productType = "com.apple.product-type.framework";
		};
		"SwifyPy::SwifyPy" /* SwifyPy */ = {
			isa = PBXNativeTarget;
			buildConfigurationList = OBJ_76 /* Build configuration list for PBXNativeTarget "SwifyPy" */;
			buildPhases = (
				OBJ_79 /* Sources */,
				OBJ_94 /* Frameworks */,
			);
			buildRules = (
			);
			dependencies = (
				OBJ_96 /* PBXTargetDependency */,
			);
			name = SwifyPy;
			productName = SwifyPy;
			productReference = "SwifyPy::SwifyPy::Product" /* SwifyPy.framework */;
			productType = "com.apple.product-type.framework";
		};
		"SwifyPy::SwifyPyRun" /* SwifyPyRun */ = {
			isa = PBXNativeTarget;
			buildConfigurationList = OBJ_110 /* Build configuration list for PBXNativeTarget "SwifyPyRun" */;
			buildPhases = (
				OBJ_113 /* Sources */,
				OBJ_115 /* Frameworks */,
			);
			buildRules = (
			);
			dependencies = (
				OBJ_118 /* PBXTargetDependency */,
				OBJ_119 /* PBXTargetDependency */,
			);
			name = SwifyPyRun;
			productName = SwifyPyRun;
			productReference = "SwifyPy::SwifyPyRun::Product" /* SwifyPyRun */;
			productType = "com.apple.product-type.tool";
		};
		"SwifyPy::SwifyPyTests" /* SwifyPyTests */ = {
			isa = PBXNativeTarget;
			buildConfigurationList = OBJ_120 /* Build configuration list for PBXNativeTarget "SwifyPyTests" */;
			buildPhases = (
				OBJ_123 /* Sources */,
				OBJ_132 /* Frameworks */,
			);
			buildRules = (
			);
			dependencies = (
				OBJ_135 /* PBXTargetDependency */,
				OBJ_136 /* PBXTargetDependency */,
			);
			name = SwifyPyTests;
			productName = SwifyPyTests;
			productReference = "SwifyPy::SwifyPyTests::Product" /* SwifyPyTests.xctest */;
			productType = "com.apple.product-type.bundle.unit-test";
		};
/* End PBXNativeTarget section */

/* Begin PBXProject section */
		OBJ_1 /* Project object */ = {
			isa = PBXProject;
			attributes = {
				LastSwiftMigration = 9999;
				LastUpgradeCheck = 9999;
			};
			buildConfigurationList = OBJ_2 /* Build configuration list for PBXProject "SwifyPy" */;
			compatibilityVersion = "Xcode 3.2";
			developmentRegion = en;
			hasScannedForEncodings = 0;
			knownRegions = (
				en,
			);
			mainGroup = OBJ_5 /*  */;
			productRefGroup = OBJ_50 /* Products */;
			projectDirPath = "";
			projectRoot = "";
			targets = (
				"PythonKit::PythonKit" /* PythonKit */,
				"PythonKit::SwiftPMPackageDescription" /* PythonKitPackageDescription */,
				"SwifyPy::SwifyPy" /* SwifyPy */,
				"SwifyPy::SwiftPMPackageDescription" /* SwifyPyPackageDescription */,
				"SwifyPy::SwifyPyPackageTests::ProductTarget" /* SwifyPyPackageTests */,
				"SwifyPy::SwifyPyRun" /* SwifyPyRun */,
				"SwifyPy::SwifyPyTests" /* SwifyPyTests */,
			);
		};
/* End PBXProject section */

/* Begin PBXSourcesBuildPhase section */
		OBJ_101 /* Sources */ = {
			isa = PBXSourcesBuildPhase;
			buildActionMask = 0;
			files = (
				OBJ_102 /* Package.swift in Sources */,
			);
			runOnlyForDeploymentPostprocessing = 0;
		};
		OBJ_113 /* Sources */ = {
			isa = PBXSourcesBuildPhase;
			buildActionMask = 0;
			files = (
				OBJ_114 /* main.swift in Sources */,
			);
			runOnlyForDeploymentPostprocessing = 0;
		};
		OBJ_123 /* Sources */ = {
			isa = PBXSourcesBuildPhase;
			buildActionMask = 0;
			files = (
				OBJ_124 /* BandMatrixTests.swift in Sources */,
				OBJ_125 /* LUSolverTests.swift in Sources */,
				OBJ_126 /* Laplace2DTests.swift in Sources */,
				OBJ_127 /* LowerBandMatrixTests.swift in Sources */,
				OBJ_128 /* MatrixTests.swift in Sources */,
				OBJ_129 /* UpperBandMatrixTests.swift in Sources */,
				OBJ_130 /* VectorTests.swift in Sources */,
				OBJ_131 /* XCTestManifests.swift in Sources */,
			);
			runOnlyForDeploymentPostprocessing = 0;
		};
		OBJ_63 /* Sources */ = {
			isa = PBXSourcesBuildPhase;
			buildActionMask = 0;
			files = (
				OBJ_64 /* NumpyConversion.swift in Sources */,
				OBJ_65 /* Python.swift in Sources */,
				OBJ_66 /* PythonLibrary+Symbols.swift in Sources */,
				OBJ_67 /* PythonLibrary.swift in Sources */,
			);
			runOnlyForDeploymentPostprocessing = 0;
		};
		OBJ_73 /* Sources */ = {
			isa = PBXSourcesBuildPhase;
			buildActionMask = 0;
			files = (
				OBJ_74 /* Package.swift in Sources */,
			);
			runOnlyForDeploymentPostprocessing = 0;
		};
		OBJ_79 /* Sources */ = {
			isa = PBXSourcesBuildPhase;
			buildActionMask = 0;
			files = (
				OBJ_80 /* cow.swift in Sources */,
				OBJ_81 /* LUDecomposition.swift in Sources */,
				OBJ_82 /* Laplace2D.swift in Sources */,
				OBJ_83 /* argmax.swift in Sources */,
				OBJ_84 /* BandMatrix.swift in Sources */,
				OBJ_85 /* LowerBandMatrix.swift in Sources */,
				OBJ_86 /* Matrix.swift in Sources */,
				OBJ_87 /* DefaultValueInitializable.swift in Sources */,
				OBJ_88 /* MatrixProtocol.swift in Sources */,
				OBJ_89 /* Transposable.swift in Sources */,
				OBJ_90 /* UpperBandMatrix.swift in Sources */,
				OBJ_91 /* Vector.swift in Sources */,
				OBJ_92 /* Python.swift in Sources */,
				OBJ_93 /* time.swift in Sources */,
			);
			runOnlyForDeploymentPostprocessing = 0;
		};
/* End PBXSourcesBuildPhase section */

/* Begin PBXTargetDependency section */
		OBJ_107 /* PBXTargetDependency */ = {
			isa = PBXTargetDependency;
			target = "SwifyPy::SwifyPyTests" /* SwifyPyTests */;
			targetProxy = 37BC860B2422316300686F90 /* PBXContainerItemProxy */;
		};
		OBJ_118 /* PBXTargetDependency */ = {
			isa = PBXTargetDependency;
			target = "SwifyPy::SwifyPy" /* SwifyPy */;
			targetProxy = 37BC86062422316200686F90 /* PBXContainerItemProxy */;
		};
		OBJ_119 /* PBXTargetDependency */ = {
			isa = PBXTargetDependency;
			target = "PythonKit::PythonKit" /* PythonKit */;
			targetProxy = 37BC86082422316200686F90 /* PBXContainerItemProxy */;
		};
		OBJ_135 /* PBXTargetDependency */ = {
			isa = PBXTargetDependency;
			target = "SwifyPy::SwifyPy" /* SwifyPy */;
			targetProxy = 37BC86092422316200686F90 /* PBXContainerItemProxy */;
		};
		OBJ_136 /* PBXTargetDependency */ = {
			isa = PBXTargetDependency;
			target = "PythonKit::PythonKit" /* PythonKit */;
			targetProxy = 37BC860A2422316200686F90 /* PBXContainerItemProxy */;
		};
		OBJ_96 /* PBXTargetDependency */ = {
			isa = PBXTargetDependency;
			target = "PythonKit::PythonKit" /* PythonKit */;
			targetProxy = 37BC86072422316200686F90 /* PBXContainerItemProxy */;
		};
/* End PBXTargetDependency section */

/* Begin XCBuildConfiguration section */
		OBJ_100 /* Release */ = {
			isa = XCBuildConfiguration;
			buildSettings = {
				LD = /usr/bin/true;
				OTHER_SWIFT_FLAGS = "-swift-version 5 -I $(TOOLCHAIN_DIR)/usr/lib/swift/pm/4_2 -target x86_64-apple-macosx10.10 -sdk /Applications/Xcode.app/Contents/Developer/Platforms/MacOSX.platform/Developer/SDKs/MacOSX10.15.sdk -package-description-version 5.1";
				SWIFT_VERSION = 5.0;
			};
			name = Release;
		};
		OBJ_105 /* Debug */ = {
			isa = XCBuildConfiguration;
			buildSettings = {
			};
			name = Debug;
		};
		OBJ_106 /* Release */ = {
			isa = XCBuildConfiguration;
			buildSettings = {
			};
			name = Release;
		};
		OBJ_111 /* Debug */ = {
			isa = XCBuildConfiguration;
			buildSettings = {
				FRAMEWORK_SEARCH_PATHS = (
					"$(inherited)",
					"$(PLATFORM_DIR)/Developer/Library/Frameworks",
				);
				HEADER_SEARCH_PATHS = "$(inherited)";
				INFOPLIST_FILE = SwifyPy.xcodeproj/SwifyPyRun_Info.plist;
				IPHONEOS_DEPLOYMENT_TARGET = 8.0;
				LD_RUNPATH_SEARCH_PATHS = "$(inherited) $(TOOLCHAIN_DIR)/usr/lib/swift/macosx @executable_path";
				MACOSX_DEPLOYMENT_TARGET = 10.10;
				OTHER_CFLAGS = "$(inherited)";
				OTHER_LDFLAGS = "$(inherited)";
				OTHER_SWIFT_FLAGS = "$(inherited)";
				SWIFT_ACTIVE_COMPILATION_CONDITIONS = "$(inherited)";
				SWIFT_FORCE_DYNAMIC_LINK_STDLIB = YES;
				SWIFT_FORCE_STATIC_LINK_STDLIB = NO;
				SWIFT_VERSION = 5.0;
				TARGET_NAME = SwifyPyRun;
				TVOS_DEPLOYMENT_TARGET = 9.0;
				WATCHOS_DEPLOYMENT_TARGET = 2.0;
			};
			name = Debug;
		};
		OBJ_112 /* Release */ = {
			isa = XCBuildConfiguration;
			buildSettings = {
				FRAMEWORK_SEARCH_PATHS = (
					"$(inherited)",
					"$(PLATFORM_DIR)/Developer/Library/Frameworks",
				);
				HEADER_SEARCH_PATHS = "$(inherited)";
				INFOPLIST_FILE = SwifyPy.xcodeproj/SwifyPyRun_Info.plist;
				IPHONEOS_DEPLOYMENT_TARGET = 8.0;
				LD_RUNPATH_SEARCH_PATHS = "$(inherited) $(TOOLCHAIN_DIR)/usr/lib/swift/macosx @executable_path";
				MACOSX_DEPLOYMENT_TARGET = 10.10;
				OTHER_CFLAGS = "$(inherited)";
				OTHER_LDFLAGS = "$(inherited)";
				OTHER_SWIFT_FLAGS = "$(inherited)";
				SWIFT_ACTIVE_COMPILATION_CONDITIONS = "$(inherited)";
				SWIFT_FORCE_DYNAMIC_LINK_STDLIB = YES;
				SWIFT_FORCE_STATIC_LINK_STDLIB = NO;
				SWIFT_VERSION = 5.0;
				TARGET_NAME = SwifyPyRun;
				TVOS_DEPLOYMENT_TARGET = 9.0;
				WATCHOS_DEPLOYMENT_TARGET = 2.0;
			};
			name = Release;
		};
		OBJ_121 /* Debug */ = {
			isa = XCBuildConfiguration;
			buildSettings = {
				CLANG_ENABLE_MODULES = YES;
				EMBEDDED_CONTENT_CONTAINS_SWIFT = YES;
				FRAMEWORK_SEARCH_PATHS = (
					"$(inherited)",
					"$(PLATFORM_DIR)/Developer/Library/Frameworks",
				);
				HEADER_SEARCH_PATHS = "$(inherited)";
				INFOPLIST_FILE = SwifyPy.xcodeproj/SwifyPyTests_Info.plist;
				IPHONEOS_DEPLOYMENT_TARGET = 8.0;
				LD_RUNPATH_SEARCH_PATHS = "$(inherited) @loader_path/../Frameworks @loader_path/Frameworks";
				MACOSX_DEPLOYMENT_TARGET = 10.10;
				OTHER_CFLAGS = "$(inherited)";
				OTHER_LDFLAGS = "$(inherited)";
				OTHER_SWIFT_FLAGS = "$(inherited)";
				SWIFT_ACTIVE_COMPILATION_CONDITIONS = "$(inherited)";
				SWIFT_VERSION = 5.0;
				TARGET_NAME = SwifyPyTests;
				TVOS_DEPLOYMENT_TARGET = 9.0;
				WATCHOS_DEPLOYMENT_TARGET = 2.0;
			};
			name = Debug;
		};
		OBJ_122 /* Release */ = {
			isa = XCBuildConfiguration;
			buildSettings = {
				CLANG_ENABLE_MODULES = YES;
				EMBEDDED_CONTENT_CONTAINS_SWIFT = YES;
				FRAMEWORK_SEARCH_PATHS = (
					"$(inherited)",
					"$(PLATFORM_DIR)/Developer/Library/Frameworks",
				);
				HEADER_SEARCH_PATHS = "$(inherited)";
				INFOPLIST_FILE = SwifyPy.xcodeproj/SwifyPyTests_Info.plist;
				IPHONEOS_DEPLOYMENT_TARGET = 8.0;
				LD_RUNPATH_SEARCH_PATHS = "$(inherited) @loader_path/../Frameworks @loader_path/Frameworks";
				MACOSX_DEPLOYMENT_TARGET = 10.10;
				OTHER_CFLAGS = "$(inherited)";
				OTHER_LDFLAGS = "$(inherited)";
				OTHER_SWIFT_FLAGS = "$(inherited)";
				SWIFT_ACTIVE_COMPILATION_CONDITIONS = "$(inherited)";
				SWIFT_VERSION = 5.0;
				TARGET_NAME = SwifyPyTests;
				TVOS_DEPLOYMENT_TARGET = 9.0;
				WATCHOS_DEPLOYMENT_TARGET = 2.0;
			};
			name = Release;
		};
		OBJ_3 /* Debug */ = {
			isa = XCBuildConfiguration;
			buildSettings = {
				CLANG_ENABLE_OBJC_ARC = YES;
				COMBINE_HIDPI_IMAGES = YES;
				COPY_PHASE_STRIP = NO;
				DEBUG_INFORMATION_FORMAT = dwarf;
				DYLIB_INSTALL_NAME_BASE = "@rpath";
				ENABLE_NS_ASSERTIONS = YES;
				GCC_OPTIMIZATION_LEVEL = 0;
				GCC_PREPROCESSOR_DEFINITIONS = (
					"$(inherited)",
					"SWIFT_PACKAGE=1",
					"DEBUG=1",
				);
				MACOSX_DEPLOYMENT_TARGET = 10.10;
				ONLY_ACTIVE_ARCH = YES;
				OTHER_SWIFT_FLAGS = "$(inherited) -DXcode";
				PRODUCT_NAME = "$(TARGET_NAME)";
				SDKROOT = macosx;
				SUPPORTED_PLATFORMS = "macosx iphoneos iphonesimulator appletvos appletvsimulator watchos watchsimulator";
				SWIFT_ACTIVE_COMPILATION_CONDITIONS = "$(inherited) SWIFT_PACKAGE DEBUG";
				SWIFT_OPTIMIZATION_LEVEL = "-Onone";
				USE_HEADERMAP = NO;
			};
			name = Debug;
		};
		OBJ_4 /* Release */ = {
			isa = XCBuildConfiguration;
			buildSettings = {
				CLANG_ENABLE_OBJC_ARC = YES;
				COMBINE_HIDPI_IMAGES = YES;
				COPY_PHASE_STRIP = YES;
				DEBUG_INFORMATION_FORMAT = "dwarf-with-dsym";
				DYLIB_INSTALL_NAME_BASE = "@rpath";
				GCC_OPTIMIZATION_LEVEL = s;
				GCC_PREPROCESSOR_DEFINITIONS = (
					"$(inherited)",
					"SWIFT_PACKAGE=1",
				);
				MACOSX_DEPLOYMENT_TARGET = 10.10;
				OTHER_SWIFT_FLAGS = "$(inherited) -DXcode";
				PRODUCT_NAME = "$(TARGET_NAME)";
				SDKROOT = macosx;
				SUPPORTED_PLATFORMS = "macosx iphoneos iphonesimulator appletvos appletvsimulator watchos watchsimulator";
				SWIFT_ACTIVE_COMPILATION_CONDITIONS = "$(inherited) SWIFT_PACKAGE";
				SWIFT_OPTIMIZATION_LEVEL = "-Owholemodule";
				USE_HEADERMAP = NO;
			};
			name = Release;
		};
		OBJ_61 /* Debug */ = {
			isa = XCBuildConfiguration;
			buildSettings = {
				ENABLE_TESTABILITY = YES;
				FRAMEWORK_SEARCH_PATHS = (
					"$(inherited)",
					"$(PLATFORM_DIR)/Developer/Library/Frameworks",
				);
				HEADER_SEARCH_PATHS = "$(inherited)";
				INFOPLIST_FILE = SwifyPy.xcodeproj/PythonKit_Info.plist;
				IPHONEOS_DEPLOYMENT_TARGET = 8.0;
				LD_RUNPATH_SEARCH_PATHS = "$(inherited) $(TOOLCHAIN_DIR)/usr/lib/swift/macosx";
				MACOSX_DEPLOYMENT_TARGET = 10.10;
				OTHER_CFLAGS = "$(inherited)";
				OTHER_LDFLAGS = "$(inherited)";
				OTHER_SWIFT_FLAGS = "$(inherited)";
				PRODUCT_BUNDLE_IDENTIFIER = PythonKit;
				PRODUCT_MODULE_NAME = "$(TARGET_NAME:c99extidentifier)";
				PRODUCT_NAME = "$(TARGET_NAME:c99extidentifier)";
				SKIP_INSTALL = YES;
				SWIFT_ACTIVE_COMPILATION_CONDITIONS = "$(inherited)";
				SWIFT_VERSION = 5.0;
				TARGET_NAME = PythonKit;
				TVOS_DEPLOYMENT_TARGET = 9.0;
				WATCHOS_DEPLOYMENT_TARGET = 2.0;
			};
			name = Debug;
		};
		OBJ_62 /* Release */ = {
			isa = XCBuildConfiguration;
			buildSettings = {
				ENABLE_TESTABILITY = YES;
				FRAMEWORK_SEARCH_PATHS = (
					"$(inherited)",
					"$(PLATFORM_DIR)/Developer/Library/Frameworks",
				);
				HEADER_SEARCH_PATHS = "$(inherited)";
				INFOPLIST_FILE = SwifyPy.xcodeproj/PythonKit_Info.plist;
				IPHONEOS_DEPLOYMENT_TARGET = 8.0;
				LD_RUNPATH_SEARCH_PATHS = "$(inherited) $(TOOLCHAIN_DIR)/usr/lib/swift/macosx";
				MACOSX_DEPLOYMENT_TARGET = 10.10;
				OTHER_CFLAGS = "$(inherited)";
				OTHER_LDFLAGS = "$(inherited)";
				OTHER_SWIFT_FLAGS = "$(inherited)";
				PRODUCT_BUNDLE_IDENTIFIER = PythonKit;
				PRODUCT_MODULE_NAME = "$(TARGET_NAME:c99extidentifier)";
				PRODUCT_NAME = "$(TARGET_NAME:c99extidentifier)";
				SKIP_INSTALL = YES;
				SWIFT_ACTIVE_COMPILATION_CONDITIONS = "$(inherited)";
				SWIFT_VERSION = 5.0;
				TARGET_NAME = PythonKit;
				TVOS_DEPLOYMENT_TARGET = 9.0;
				WATCHOS_DEPLOYMENT_TARGET = 2.0;
			};
			name = Release;
		};
		OBJ_71 /* Debug */ = {
			isa = XCBuildConfiguration;
			buildSettings = {
				LD = /usr/bin/true;
				OTHER_SWIFT_FLAGS = "-swift-version 5 -I $(TOOLCHAIN_DIR)/usr/lib/swift/pm/4_2 -target x86_64-apple-macosx10.10 -sdk /Applications/Xcode.app/Contents/Developer/Platforms/MacOSX.platform/Developer/SDKs/MacOSX10.15.sdk -package-description-version 5.1";
				SWIFT_VERSION = 5.0;
			};
			name = Debug;
		};
		OBJ_72 /* Release */ = {
			isa = XCBuildConfiguration;
			buildSettings = {
				LD = /usr/bin/true;
				OTHER_SWIFT_FLAGS = "-swift-version 5 -I $(TOOLCHAIN_DIR)/usr/lib/swift/pm/4_2 -target x86_64-apple-macosx10.10 -sdk /Applications/Xcode.app/Contents/Developer/Platforms/MacOSX.platform/Developer/SDKs/MacOSX10.15.sdk -package-description-version 5.1";
				SWIFT_VERSION = 5.0;
			};
			name = Release;
		};
		OBJ_77 /* Debug */ = {
			isa = XCBuildConfiguration;
			buildSettings = {
				ENABLE_TESTABILITY = YES;
				FRAMEWORK_SEARCH_PATHS = (
					"$(inherited)",
					"$(PLATFORM_DIR)/Developer/Library/Frameworks",
				);
				HEADER_SEARCH_PATHS = "$(inherited)";
				INFOPLIST_FILE = SwifyPy.xcodeproj/SwifyPy_Info.plist;
				IPHONEOS_DEPLOYMENT_TARGET = 8.0;
				LD_RUNPATH_SEARCH_PATHS = "$(inherited) $(TOOLCHAIN_DIR)/usr/lib/swift/macosx";
				MACOSX_DEPLOYMENT_TARGET = 10.10;
				OTHER_CFLAGS = "$(inherited)";
				OTHER_LDFLAGS = "$(inherited)";
				OTHER_SWIFT_FLAGS = "$(inherited)";
				PRODUCT_BUNDLE_IDENTIFIER = SwifyPy;
				PRODUCT_MODULE_NAME = "$(TARGET_NAME:c99extidentifier)";
				PRODUCT_NAME = "$(TARGET_NAME:c99extidentifier)";
				SKIP_INSTALL = YES;
				SWIFT_ACTIVE_COMPILATION_CONDITIONS = "$(inherited)";
				SWIFT_VERSION = 5.0;
				TARGET_NAME = SwifyPy;
				TVOS_DEPLOYMENT_TARGET = 9.0;
				WATCHOS_DEPLOYMENT_TARGET = 2.0;
			};
			name = Debug;
		};
		OBJ_78 /* Release */ = {
			isa = XCBuildConfiguration;
			buildSettings = {
				ENABLE_TESTABILITY = YES;
				FRAMEWORK_SEARCH_PATHS = (
					"$(inherited)",
					"$(PLATFORM_DIR)/Developer/Library/Frameworks",
				);
				HEADER_SEARCH_PATHS = "$(inherited)";
				INFOPLIST_FILE = SwifyPy.xcodeproj/SwifyPy_Info.plist;
				IPHONEOS_DEPLOYMENT_TARGET = 8.0;
				LD_RUNPATH_SEARCH_PATHS = "$(inherited) $(TOOLCHAIN_DIR)/usr/lib/swift/macosx";
				MACOSX_DEPLOYMENT_TARGET = 10.10;
				OTHER_CFLAGS = "$(inherited)";
				OTHER_LDFLAGS = "$(inherited)";
				OTHER_SWIFT_FLAGS = "$(inherited)";
				PRODUCT_BUNDLE_IDENTIFIER = SwifyPy;
				PRODUCT_MODULE_NAME = "$(TARGET_NAME:c99extidentifier)";
				PRODUCT_NAME = "$(TARGET_NAME:c99extidentifier)";
				SKIP_INSTALL = YES;
				SWIFT_ACTIVE_COMPILATION_CONDITIONS = "$(inherited)";
				SWIFT_VERSION = 5.0;
				TARGET_NAME = SwifyPy;
				TVOS_DEPLOYMENT_TARGET = 9.0;
				WATCHOS_DEPLOYMENT_TARGET = 2.0;
			};
			name = Release;
		};
		OBJ_99 /* Debug */ = {
			isa = XCBuildConfiguration;
			buildSettings = {
				LD = /usr/bin/true;
				OTHER_SWIFT_FLAGS = "-swift-version 5 -I $(TOOLCHAIN_DIR)/usr/lib/swift/pm/4_2 -target x86_64-apple-macosx10.10 -sdk /Applications/Xcode.app/Contents/Developer/Platforms/MacOSX.platform/Developer/SDKs/MacOSX10.15.sdk -package-description-version 5.1";
				SWIFT_VERSION = 5.0;
			};
			name = Debug;
		};
/* End XCBuildConfiguration section */

/* Begin XCConfigurationList section */
		OBJ_104 /* Build configuration list for PBXAggregateTarget "SwifyPyPackageTests" */ = {
			isa = XCConfigurationList;
			buildConfigurations = (
				OBJ_105 /* Debug */,
				OBJ_106 /* Release */,
			);
			defaultConfigurationIsVisible = 0;
			defaultConfigurationName = Release;
		};
		OBJ_110 /* Build configuration list for PBXNativeTarget "SwifyPyRun" */ = {
			isa = XCConfigurationList;
			buildConfigurations = (
				OBJ_111 /* Debug */,
				OBJ_112 /* Release */,
			);
			defaultConfigurationIsVisible = 0;
			defaultConfigurationName = Release;
		};
		OBJ_120 /* Build configuration list for PBXNativeTarget "SwifyPyTests" */ = {
			isa = XCConfigurationList;
			buildConfigurations = (
				OBJ_121 /* Debug */,
				OBJ_122 /* Release */,
			);
			defaultConfigurationIsVisible = 0;
			defaultConfigurationName = Release;
		};
		OBJ_2 /* Build configuration list for PBXProject "SwifyPy" */ = {
			isa = XCConfigurationList;
			buildConfigurations = (
				OBJ_3 /* Debug */,
				OBJ_4 /* Release */,
			);
			defaultConfigurationIsVisible = 0;
			defaultConfigurationName = Release;
		};
		OBJ_60 /* Build configuration list for PBXNativeTarget "PythonKit" */ = {
			isa = XCConfigurationList;
			buildConfigurations = (
				OBJ_61 /* Debug */,
				OBJ_62 /* Release */,
			);
			defaultConfigurationIsVisible = 0;
			defaultConfigurationName = Release;
		};
		OBJ_70 /* Build configuration list for PBXNativeTarget "PythonKitPackageDescription" */ = {
			isa = XCConfigurationList;
			buildConfigurations = (
				OBJ_71 /* Debug */,
				OBJ_72 /* Release */,
			);
			defaultConfigurationIsVisible = 0;
			defaultConfigurationName = Release;
		};
		OBJ_76 /* Build configuration list for PBXNativeTarget "SwifyPy" */ = {
			isa = XCConfigurationList;
			buildConfigurations = (
				OBJ_77 /* Debug */,
				OBJ_78 /* Release */,
			);
			defaultConfigurationIsVisible = 0;
			defaultConfigurationName = Release;
		};
		OBJ_98 /* Build configuration list for PBXNativeTarget "SwifyPyPackageDescription" */ = {
			isa = XCConfigurationList;
			buildConfigurations = (
				OBJ_99 /* Debug */,
				OBJ_100 /* Release */,
			);
			defaultConfigurationIsVisible = 0;
			defaultConfigurationName = Release;
		};
/* End XCConfigurationList section */
	};
	rootObject = OBJ_1 /* Project object */;
}
