// !$*UTF8*$!
{
	archiveVersion = 1;
	classes = {
	};
	objectVersion = 50;
	objects = {

/* Begin PBXBuildFile section */
		37441DB9240E9EFF00F982FF /* main.swift in Sources */ = {isa = PBXBuildFile; fileRef = 37441DB8240E9EFF00F982FF /* main.swift */; };
		37441DC1240E9F0E00F982FF /* Vector.swift in Sources */ = {isa = PBXBuildFile; fileRef = 37441DC0240E9F0E00F982FF /* Vector.swift */; };
		37441DC3240E9F1500F982FF /* Matrix.swift in Sources */ = {isa = PBXBuildFile; fileRef = 37441DC2240E9F1500F982FF /* Matrix.swift */; };
		37441DD1240E9F4600F982FF /* VectorTests.swift in Sources */ = {isa = PBXBuildFile; fileRef = 37441DD0240E9F4600F982FF /* VectorTests.swift */; };
		37441DD6240EACE100F982FF /* MatrixTests.swift in Sources */ = {isa = PBXBuildFile; fileRef = 37441DD5240EACE100F982FF /* MatrixTests.swift */; };
		37441DD8240ECA3A00F982FF /* _solve.swift in Sources */ = {isa = PBXBuildFile; fileRef = 37441DD7240ECA3A00F982FF /* _solve.swift */; };
		37441DD9240ECEE800F982FF /* Vector.swift in Sources */ = {isa = PBXBuildFile; fileRef = 37441DC0240E9F0E00F982FF /* Vector.swift */; };
		37441DDA240ECEE800F982FF /* Matrix.swift in Sources */ = {isa = PBXBuildFile; fileRef = 37441DC2240E9F1500F982FF /* Matrix.swift */; };
		37441DDB240ECEE800F982FF /* _solve.swift in Sources */ = {isa = PBXBuildFile; fileRef = 37441DD7240ECA3A00F982FF /* _solve.swift */; };
/* End PBXBuildFile section */

/* Begin PBXCopyFilesBuildPhase section */
		37441DB3240E9EFF00F982FF /* CopyFiles */ = {
			isa = PBXCopyFilesBuildPhase;
			buildActionMask = 2147483647;
			dstPath = /usr/share/man/man1/;
			dstSubfolderSpec = 0;
			files = (
			);
			runOnlyForDeploymentPostprocessing = 1;
		};
/* End PBXCopyFilesBuildPhase section */

/* Begin PBXFileReference section */
		37441DB5240E9EFF00F982FF /* Numeric */ = {isa = PBXFileReference; explicitFileType = "compiled.mach-o.executable"; includeInIndex = 0; path = Numeric; sourceTree = BUILT_PRODUCTS_DIR; };
		37441DB8240E9EFF00F982FF /* main.swift */ = {isa = PBXFileReference; lastKnownFileType = sourcecode.swift; path = main.swift; sourceTree = "<group>"; };
		37441DC0240E9F0E00F982FF /* Vector.swift */ = {isa = PBXFileReference; lastKnownFileType = sourcecode.swift; path = Vector.swift; sourceTree = "<group>"; };
		37441DC2240E9F1500F982FF /* Matrix.swift */ = {isa = PBXFileReference; lastKnownFileType = sourcecode.swift; path = Matrix.swift; sourceTree = "<group>"; };
		37441DC8240E9F3300F982FF /* NumericTests.xctest */ = {isa = PBXFileReference; explicitFileType = wrapper.cfbundle; includeInIndex = 0; path = NumericTests.xctest; sourceTree = BUILT_PRODUCTS_DIR; };
		37441DCC240E9F3300F982FF /* Info.plist */ = {isa = PBXFileReference; lastKnownFileType = text.plist.xml; path = Info.plist; sourceTree = "<group>"; };
		37441DD0240E9F4600F982FF /* VectorTests.swift */ = {isa = PBXFileReference; lastKnownFileType = sourcecode.swift; path = VectorTests.swift; sourceTree = "<group>"; };
		37441DD5240EACE100F982FF /* MatrixTests.swift */ = {isa = PBXFileReference; lastKnownFileType = sourcecode.swift; path = MatrixTests.swift; sourceTree = "<group>"; };
		37441DD7240ECA3A00F982FF /* _solve.swift */ = {isa = PBXFileReference; lastKnownFileType = sourcecode.swift; path = _solve.swift; sourceTree = "<group>"; };
/* End PBXFileReference section */

/* Begin PBXFrameworksBuildPhase section */
		37441DB2240E9EFF00F982FF /* Frameworks */ = {
			isa = PBXFrameworksBuildPhase;
			buildActionMask = 2147483647;
			files = (
			);
			runOnlyForDeploymentPostprocessing = 0;
		};
		37441DC5240E9F3300F982FF /* Frameworks */ = {
			isa = PBXFrameworksBuildPhase;
			buildActionMask = 2147483647;
			files = (
			);
			runOnlyForDeploymentPostprocessing = 0;
		};
/* End PBXFrameworksBuildPhase section */

/* Begin PBXGroup section */
		37441DAC240E9EFF00F982FF = {
			isa = PBXGroup;
			children = (
				37441DB7240E9EFF00F982FF /* Numeric */,
				37441DC9240E9F3300F982FF /* NumericTests */,
				37441DB6240E9EFF00F982FF /* Products */,
			);
			sourceTree = "<group>";
		};
		37441DB6240E9EFF00F982FF /* Products */ = {
			isa = PBXGroup;
			children = (
				37441DB5240E9EFF00F982FF /* Numeric */,
				37441DC8240E9F3300F982FF /* NumericTests.xctest */,
			);
			name = Products;
			sourceTree = "<group>";
		};
		37441DB7240E9EFF00F982FF /* Numeric */ = {
			isa = PBXGroup;
			children = (
				37441DBF240E9F0600F982FF /* Lib */,
				37441DB8240E9EFF00F982FF /* main.swift */,
			);
			path = Numeric;
			sourceTree = "<group>";
		};
		37441DBF240E9F0600F982FF /* Lib */ = {
			isa = PBXGroup;
			children = (
				37441DC0240E9F0E00F982FF /* Vector.swift */,
				37441DC2240E9F1500F982FF /* Matrix.swift */,
				37441DD7240ECA3A00F982FF /* _solve.swift */,
			);
			path = Lib;
			sourceTree = "<group>";
		};
		37441DC9240E9F3300F982FF /* NumericTests */ = {
			isa = PBXGroup;
			children = (
				37441DCC240E9F3300F982FF /* Info.plist */,
				37441DD0240E9F4600F982FF /* VectorTests.swift */,
				37441DD5240EACE100F982FF /* MatrixTests.swift */,
			);
			path = NumericTests;
			sourceTree = "<group>";
		};
/* End PBXGroup section */

/* Begin PBXNativeTarget section */
		37441DB4240E9EFF00F982FF /* Numeric */ = {
			isa = PBXNativeTarget;
			buildConfigurationList = 37441DBC240E9EFF00F982FF /* Build configuration list for PBXNativeTarget "Numeric" */;
			buildPhases = (
				37441DB1240E9EFF00F982FF /* Sources */,
				37441DB2240E9EFF00F982FF /* Frameworks */,
				37441DB3240E9EFF00F982FF /* CopyFiles */,
			);
			buildRules = (
			);
			dependencies = (
			);
			name = Numeric;
			productName = Numeric;
			productReference = 37441DB5240E9EFF00F982FF /* Numeric */;
			productType = "com.apple.product-type.tool";
		};
		37441DC7240E9F3300F982FF /* NumericTests */ = {
			isa = PBXNativeTarget;
			buildConfigurationList = 37441DCD240E9F3300F982FF /* Build configuration list for PBXNativeTarget "NumericTests" */;
			buildPhases = (
				37441DC4240E9F3300F982FF /* Sources */,
				37441DC5240E9F3300F982FF /* Frameworks */,
				37441DC6240E9F3300F982FF /* Resources */,
			);
			buildRules = (
			);
			dependencies = (
			);
			name = NumericTests;
			productName = NumericTests;
			productReference = 37441DC8240E9F3300F982FF /* NumericTests.xctest */;
			productType = "com.apple.product-type.bundle.unit-test";
		};
/* End PBXNativeTarget section */

/* Begin PBXProject section */
		37441DAD240E9EFF00F982FF /* Project object */ = {
			isa = PBXProject;
			attributes = {
				LastSwiftUpdateCheck = 1130;
				LastUpgradeCheck = 1130;
				ORGANIZATIONNAME = TSS;
				TargetAttributes = {
					37441DB4240E9EFF00F982FF = {
						CreatedOnToolsVersion = 11.3.1;
					};
					37441DC7240E9F3300F982FF = {
						CreatedOnToolsVersion = 11.3.1;
						LastSwiftMigration = 1130;
					};
				};
			};
			buildConfigurationList = 37441DB0240E9EFF00F982FF /* Build configuration list for PBXProject "Numeric" */;
			compatibilityVersion = "Xcode 9.3";
			developmentRegion = en;
			hasScannedForEncodings = 0;
			knownRegions = (
				en,
				Base,
			);
			mainGroup = 37441DAC240E9EFF00F982FF;
			productRefGroup = 37441DB6240E9EFF00F982FF /* Products */;
			projectDirPath = "";
			projectRoot = "";
			targets = (
				37441DB4240E9EFF00F982FF /* Numeric */,
				37441DC7240E9F3300F982FF /* NumericTests */,
			);
		};
/* End PBXProject section */

/* Begin PBXResourcesBuildPhase section */
		37441DC6240E9F3300F982FF /* Resources */ = {
			isa = PBXResourcesBuildPhase;
			buildActionMask = 2147483647;
			files = (
			);
			runOnlyForDeploymentPostprocessing = 0;
		};
/* End PBXResourcesBuildPhase section */

/* Begin PBXSourcesBuildPhase section */
		37441DB1240E9EFF00F982FF /* Sources */ = {
			isa = PBXSourcesBuildPhase;
			buildActionMask = 2147483647;
			files = (
				37441DC1240E9F0E00F982FF /* Vector.swift in Sources */,
				37441DB9240E9EFF00F982FF /* main.swift in Sources */,
				37441DC3240E9F1500F982FF /* Matrix.swift in Sources */,
				37441DD8240ECA3A00F982FF /* _solve.swift in Sources */,
			);
			runOnlyForDeploymentPostprocessing = 0;
		};
		37441DC4240E9F3300F982FF /* Sources */ = {
			isa = PBXSourcesBuildPhase;
			buildActionMask = 2147483647;
			files = (
				37441DDA240ECEE800F982FF /* Matrix.swift in Sources */,
				37441DD6240EACE100F982FF /* MatrixTests.swift in Sources */,
				37441DD9240ECEE800F982FF /* Vector.swift in Sources */,
				37441DD1240E9F4600F982FF /* VectorTests.swift in Sources */,
				37441DDB240ECEE800F982FF /* _solve.swift in Sources */,
			);
			runOnlyForDeploymentPostprocessing = 0;
		};
/* End PBXSourcesBuildPhase section */

/* Begin XCBuildConfiguration section */
		37441DBA240E9EFF00F982FF /* Debug */ = {
			isa = XCBuildConfiguration;
			buildSettings = {
				ALWAYS_SEARCH_USER_PATHS = NO;
				CLANG_ANALYZER_NONNULL = YES;
				CLANG_ANALYZER_NUMBER_OBJECT_CONVERSION = YES_AGGRESSIVE;
				CLANG_CXX_LANGUAGE_STANDARD = "gnu++14";
				CLANG_CXX_LIBRARY = "libc++";
				CLANG_ENABLE_MODULES = YES;
				CLANG_ENABLE_OBJC_ARC = YES;
				CLANG_ENABLE_OBJC_WEAK = YES;
				CLANG_WARN_BLOCK_CAPTURE_AUTORELEASING = YES;
				CLANG_WARN_BOOL_CONVERSION = YES;
				CLANG_WARN_COMMA = YES;
				CLANG_WARN_CONSTANT_CONVERSION = YES;
				CLANG_WARN_DEPRECATED_OBJC_IMPLEMENTATIONS = YES;
				CLANG_WARN_DIRECT_OBJC_ISA_USAGE = YES_ERROR;
				CLANG_WARN_DOCUMENTATION_COMMENTS = YES;
				CLANG_WARN_EMPTY_BODY = YES;
				CLANG_WARN_ENUM_CONVERSION = YES;
				CLANG_WARN_INFINITE_RECURSION = YES;
				CLANG_WARN_INT_CONVERSION = YES;
				CLANG_WARN_NON_LITERAL_NULL_CONVERSION = YES;
				CLANG_WARN_OBJC_IMPLICIT_RETAIN_SELF = YES;
				CLANG_WARN_OBJC_LITERAL_CONVERSION = YES;
				CLANG_WARN_OBJC_ROOT_CLASS = YES_ERROR;
				CLANG_WARN_RANGE_LOOP_ANALYSIS = YES;
				CLANG_WARN_STRICT_PROTOTYPES = YES;
				CLANG_WARN_SUSPICIOUS_MOVE = YES;
				CLANG_WARN_UNGUARDED_AVAILABILITY = YES_AGGRESSIVE;
				CLANG_WARN_UNREACHABLE_CODE = YES;
				CLANG_WARN__DUPLICATE_METHOD_MATCH = YES;
				COPY_PHASE_STRIP = NO;
				DEBUG_INFORMATION_FORMAT = dwarf;
				ENABLE_STRICT_OBJC_MSGSEND = YES;
				ENABLE_TESTABILITY = YES;
				GCC_C_LANGUAGE_STANDARD = gnu11;
				GCC_DYNAMIC_NO_PIC = NO;
				GCC_NO_COMMON_BLOCKS = YES;
				GCC_OPTIMIZATION_LEVEL = 0;
				GCC_PREPROCESSOR_DEFINITIONS = (
					"DEBUG=1",
					"$(inherited)",
				);
				GCC_WARN_64_TO_32_BIT_CONVERSION = YES;
				GCC_WARN_ABOUT_RETURN_TYPE = YES_ERROR;
				GCC_WARN_UNDECLARED_SELECTOR = YES;
				GCC_WARN_UNINITIALIZED_AUTOS = YES_AGGRESSIVE;
				GCC_WARN_UNUSED_FUNCTION = YES;
				GCC_WARN_UNUSED_VARIABLE = YES;
				MACOSX_DEPLOYMENT_TARGET = 10.15;
				MTL_ENABLE_DEBUG_INFO = INCLUDE_SOURCE;
				MTL_FAST_MATH = YES;
				ONLY_ACTIVE_ARCH = YES;
				SDKROOT = macosx;
				SWIFT_ACTIVE_COMPILATION_CONDITIONS = DEBUG;
				SWIFT_OPTIMIZATION_LEVEL = "-Onone";
			};
			name = Debug;
		};
		37441DBB240E9EFF00F982FF /* Release */ = {
			isa = XCBuildConfiguration;
			buildSettings = {
				ALWAYS_SEARCH_USER_PATHS = NO;
				CLANG_ANALYZER_NONNULL = YES;
				CLANG_ANALYZER_NUMBER_OBJECT_CONVERSION = YES_AGGRESSIVE;
				CLANG_CXX_LANGUAGE_STANDARD = "gnu++14";
				CLANG_CXX_LIBRARY = "libc++";
				CLANG_ENABLE_MODULES = YES;
				CLANG_ENABLE_OBJC_ARC = YES;
				CLANG_ENABLE_OBJC_WEAK = YES;
				CLANG_WARN_BLOCK_CAPTURE_AUTORELEASING = YES;
				CLANG_WARN_BOOL_CONVERSION = YES;
				CLANG_WARN_COMMA = YES;
				CLANG_WARN_CONSTANT_CONVERSION = YES;
				CLANG_WARN_DEPRECATED_OBJC_IMPLEMENTATIONS = YES;
				CLANG_WARN_DIRECT_OBJC_ISA_USAGE = YES_ERROR;
				CLANG_WARN_DOCUMENTATION_COMMENTS = YES;
				CLANG_WARN_EMPTY_BODY = YES;
				CLANG_WARN_ENUM_CONVERSION = YES;
				CLANG_WARN_INFINITE_RECURSION = YES;
				CLANG_WARN_INT_CONVERSION = YES;
				CLANG_WARN_NON_LITERAL_NULL_CONVERSION = YES;
				CLANG_WARN_OBJC_IMPLICIT_RETAIN_SELF = YES;
				CLANG_WARN_OBJC_LITERAL_CONVERSION = YES;
				CLANG_WARN_OBJC_ROOT_CLASS = YES_ERROR;
				CLANG_WARN_RANGE_LOOP_ANALYSIS = YES;
				CLANG_WARN_STRICT_PROTOTYPES = YES;
				CLANG_WARN_SUSPICIOUS_MOVE = YES;
				CLANG_WARN_UNGUARDED_AVAILABILITY = YES_AGGRESSIVE;
				CLANG_WARN_UNREACHABLE_CODE = YES;
				CLANG_WARN__DUPLICATE_METHOD_MATCH = YES;
				COPY_PHASE_STRIP = NO;
				DEBUG_INFORMATION_FORMAT = "dwarf-with-dsym";
				ENABLE_NS_ASSERTIONS = NO;
				ENABLE_STRICT_OBJC_MSGSEND = YES;
				GCC_C_LANGUAGE_STANDARD = gnu11;
				GCC_NO_COMMON_BLOCKS = YES;
				GCC_WARN_64_TO_32_BIT_CONVERSION = YES;
				GCC_WARN_ABOUT_RETURN_TYPE = YES_ERROR;
				GCC_WARN_UNDECLARED_SELECTOR = YES;
				GCC_WARN_UNINITIALIZED_AUTOS = YES_AGGRESSIVE;
				GCC_WARN_UNUSED_FUNCTION = YES;
				GCC_WARN_UNUSED_VARIABLE = YES;
				MACOSX_DEPLOYMENT_TARGET = 10.15;
				MTL_ENABLE_DEBUG_INFO = NO;
				MTL_FAST_MATH = YES;
				SDKROOT = macosx;
				SWIFT_COMPILATION_MODE = wholemodule;
				SWIFT_OPTIMIZATION_LEVEL = "-O";
			};
			name = Release;
		};
		37441DBD240E9EFF00F982FF /* Debug */ = {
			isa = XCBuildConfiguration;
			buildSettings = {
				CODE_SIGN_STYLE = Automatic;
				PRODUCT_NAME = "$(TARGET_NAME)";
				SWIFT_VERSION = 5.0;
			};
			name = Debug;
		};
		37441DBE240E9EFF00F982FF /* Release */ = {
			isa = XCBuildConfiguration;
			buildSettings = {
				CODE_SIGN_STYLE = Automatic;
				PRODUCT_NAME = "$(TARGET_NAME)";
				SWIFT_VERSION = 5.0;
			};
			name = Release;
		};
		37441DCE240E9F3300F982FF /* Debug */ = {
			isa = XCBuildConfiguration;
			buildSettings = {
				CLANG_ENABLE_MODULES = YES;
				CODE_SIGN_STYLE = Automatic;
				COMBINE_HIDPI_IMAGES = YES;
				INFOPLIST_FILE = NumericTests/Info.plist;
				LD_RUNPATH_SEARCH_PATHS = (
					"$(inherited)",
					"@executable_path/../Frameworks",
					"@loader_path/../Frameworks",
				);
				PRODUCT_BUNDLE_IDENTIFIER = TSS.NumericTests;
				PRODUCT_NAME = "$(TARGET_NAME)";
				SWIFT_OPTIMIZATION_LEVEL = "-Onone";
				SWIFT_VERSION = 5.0;
			};
			name = Debug;
		};
		37441DCF240E9F3300F982FF /* Release */ = {
			isa = XCBuildConfiguration;
			buildSettings = {
				CLANG_ENABLE_MODULES = YES;
				CODE_SIGN_STYLE = Automatic;
				COMBINE_HIDPI_IMAGES = YES;
				INFOPLIST_FILE = NumericTests/Info.plist;
				LD_RUNPATH_SEARCH_PATHS = (
					"$(inherited)",
					"@executable_path/../Frameworks",
					"@loader_path/../Frameworks",
				);
				PRODUCT_BUNDLE_IDENTIFIER = TSS.NumericTests;
				PRODUCT_NAME = "$(TARGET_NAME)";
				SWIFT_VERSION = 5.0;
			};
			name = Release;
		};
/* End XCBuildConfiguration section */

/* Begin XCConfigurationList section */
		37441DB0240E9EFF00F982FF /* Build configuration list for PBXProject "Numeric" */ = {
			isa = XCConfigurationList;
			buildConfigurations = (
				37441DBA240E9EFF00F982FF /* Debug */,
				37441DBB240E9EFF00F982FF /* Release */,
			);
			defaultConfigurationIsVisible = 0;
			defaultConfigurationName = Release;
		};
		37441DBC240E9EFF00F982FF /* Build configuration list for PBXNativeTarget "Numeric" */ = {
			isa = XCConfigurationList;
			buildConfigurations = (
				37441DBD240E9EFF00F982FF /* Debug */,
				37441DBE240E9EFF00F982FF /* Release */,
			);
			defaultConfigurationIsVisible = 0;
			defaultConfigurationName = Release;
		};
		37441DCD240E9F3300F982FF /* Build configuration list for PBXNativeTarget "NumericTests" */ = {
			isa = XCConfigurationList;
			buildConfigurations = (
				37441DCE240E9F3300F982FF /* Debug */,
				37441DCF240E9F3300F982FF /* Release */,
			);
			defaultConfigurationIsVisible = 0;
			defaultConfigurationName = Release;
		};
/* End XCConfigurationList section */
	};
	rootObject = 37441DAD240E9EFF00F982FF /* Project object */;
}
